// !$*UTF8*$!
{
	archiveVersion = 1;
	classes = {
	};
	objectVersion = 50;
	objects = {

/* Begin PBXBuildFile section */
		0E17A38622EC8DF500390BA5 /* AppDelegate.swift in Sources */ = {isa = PBXBuildFile; fileRef = 0E17A38522EC8DF500390BA5 /* AppDelegate.swift */; };
		0E17A38822EC8DF500390BA5 /* ViewController.swift in Sources */ = {isa = PBXBuildFile; fileRef = 0E17A38722EC8DF500390BA5 /* ViewController.swift */; };
		0E17A38B22EC8DF500390BA5 /* Main.storyboard in Resources */ = {isa = PBXBuildFile; fileRef = 0E17A38922EC8DF500390BA5 /* Main.storyboard */; };
		0E17A38D22EC8DF600390BA5 /* Assets.xcassets in Resources */ = {isa = PBXBuildFile; fileRef = 0E17A38C22EC8DF600390BA5 /* Assets.xcassets */; };
		0E17A39022EC8DF600390BA5 /* LaunchScreen.storyboard in Resources */ = {isa = PBXBuildFile; fileRef = 0E17A38E22EC8DF600390BA5 /* LaunchScreen.storyboard */; };
		0E17A39B22EC8DF600390BA5 /* UntindTests.swift in Sources */ = {isa = PBXBuildFile; fileRef = 0E17A39A22EC8DF600390BA5 /* UntindTests.swift */; };
		0E17A3A622EC8DF600390BA5 /* UntindUITests.swift in Sources */ = {isa = PBXBuildFile; fileRef = 0E17A3A522EC8DF600390BA5 /* UntindUITests.swift */; };
		9BEF1F06E29B66E1012EF409 /* Pods_Untind.framework in Frameworks */ = {isa = PBXBuildFile; fileRef = F4B0F3E6FBF9FC7F0EAF9164 /* Pods_Untind.framework */; };
		9D7472092E23377E3094DD16 /* Pods_UntindUITests.framework in Frameworks */ = {isa = PBXBuildFile; fileRef = B9EC78CED775F210243AE468 /* Pods_UntindUITests.framework */; };
		B0DDED9204B14A0D7F50C79B /* Pods_UntindTests.framework in Frameworks */ = {isa = PBXBuildFile; fileRef = 11EE0AE1F6BF96288417DC38 /* Pods_UntindTests.framework */; };
/* End PBXBuildFile section */

/* Begin PBXContainerItemProxy section */
		0E17A39722EC8DF600390BA5 /* PBXContainerItemProxy */ = {
			isa = PBXContainerItemProxy;
			containerPortal = 0E17A37A22EC8DF500390BA5 /* Project object */;
			proxyType = 1;
			remoteGlobalIDString = 0E17A38122EC8DF500390BA5;
			remoteInfo = Untind;
		};
		0E17A3A222EC8DF600390BA5 /* PBXContainerItemProxy */ = {
			isa = PBXContainerItemProxy;
			containerPortal = 0E17A37A22EC8DF500390BA5 /* Project object */;
			proxyType = 1;
			remoteGlobalIDString = 0E17A38122EC8DF500390BA5;
			remoteInfo = Untind;
		};
/* End PBXContainerItemProxy section */

/* Begin PBXFileReference section */
		0E17A38222EC8DF500390BA5 /* Untind.app */ = {isa = PBXFileReference; explicitFileType = wrapper.application; includeInIndex = 0; path = Untind.app; sourceTree = BUILT_PRODUCTS_DIR; };
		0E17A38522EC8DF500390BA5 /* AppDelegate.swift */ = {isa = PBXFileReference; lastKnownFileType = sourcecode.swift; path = AppDelegate.swift; sourceTree = "<group>"; };
		0E17A38722EC8DF500390BA5 /* ViewController.swift */ = {isa = PBXFileReference; lastKnownFileType = sourcecode.swift; path = ViewController.swift; sourceTree = "<group>"; };
		0E17A38A22EC8DF500390BA5 /* Base */ = {isa = PBXFileReference; lastKnownFileType = file.storyboard; name = Base; path = Base.lproj/Main.storyboard; sourceTree = "<group>"; };
		0E17A38C22EC8DF600390BA5 /* Assets.xcassets */ = {isa = PBXFileReference; lastKnownFileType = folder.assetcatalog; path = Assets.xcassets; sourceTree = "<group>"; };
		0E17A38F22EC8DF600390BA5 /* Base */ = {isa = PBXFileReference; lastKnownFileType = file.storyboard; name = Base; path = Base.lproj/LaunchScreen.storyboard; sourceTree = "<group>"; };
		0E17A39122EC8DF600390BA5 /* Info.plist */ = {isa = PBXFileReference; lastKnownFileType = text.plist.xml; path = Info.plist; sourceTree = "<group>"; };
		0E17A39622EC8DF600390BA5 /* UntindTests.xctest */ = {isa = PBXFileReference; explicitFileType = wrapper.cfbundle; includeInIndex = 0; path = UntindTests.xctest; sourceTree = BUILT_PRODUCTS_DIR; };
		0E17A39A22EC8DF600390BA5 /* UntindTests.swift */ = {isa = PBXFileReference; lastKnownFileType = sourcecode.swift; path = UntindTests.swift; sourceTree = "<group>"; };
		0E17A39C22EC8DF600390BA5 /* Info.plist */ = {isa = PBXFileReference; lastKnownFileType = text.plist.xml; path = Info.plist; sourceTree = "<group>"; };
		0E17A3A122EC8DF600390BA5 /* UntindUITests.xctest */ = {isa = PBXFileReference; explicitFileType = wrapper.cfbundle; includeInIndex = 0; path = UntindUITests.xctest; sourceTree = BUILT_PRODUCTS_DIR; };
		0E17A3A522EC8DF600390BA5 /* UntindUITests.swift */ = {isa = PBXFileReference; lastKnownFileType = sourcecode.swift; path = UntindUITests.swift; sourceTree = "<group>"; };
		0E17A3A722EC8DF600390BA5 /* Info.plist */ = {isa = PBXFileReference; lastKnownFileType = text.plist.xml; path = Info.plist; sourceTree = "<group>"; };
		11EE0AE1F6BF96288417DC38 /* Pods_UntindTests.framework */ = {isa = PBXFileReference; explicitFileType = wrapper.framework; includeInIndex = 0; path = Pods_UntindTests.framework; sourceTree = BUILT_PRODUCTS_DIR; };
		1304353B4B53B382BC0262C3 /* Pods-Untind.release.xcconfig */ = {isa = PBXFileReference; includeInIndex = 1; lastKnownFileType = text.xcconfig; name = "Pods-Untind.release.xcconfig"; path = "Target Support Files/Pods-Untind/Pods-Untind.release.xcconfig"; sourceTree = "<group>"; };
		25C1EEBC1C73143988562697 /* Pods-UntindUITests.release.xcconfig */ = {isa = PBXFileReference; includeInIndex = 1; lastKnownFileType = text.xcconfig; name = "Pods-UntindUITests.release.xcconfig"; path = "Target Support Files/Pods-UntindUITests/Pods-UntindUITests.release.xcconfig"; sourceTree = "<group>"; };
		767802DA078BB1FE50658503 /* Pods-UntindTests.release.xcconfig */ = {isa = PBXFileReference; includeInIndex = 1; lastKnownFileType = text.xcconfig; name = "Pods-UntindTests.release.xcconfig"; path = "Target Support Files/Pods-UntindTests/Pods-UntindTests.release.xcconfig"; sourceTree = "<group>"; };
		7D580765A1EEC803E58134AA /* Pods-UntindTests.debug.xcconfig */ = {isa = PBXFileReference; includeInIndex = 1; lastKnownFileType = text.xcconfig; name = "Pods-UntindTests.debug.xcconfig"; path = "Target Support Files/Pods-UntindTests/Pods-UntindTests.debug.xcconfig"; sourceTree = "<group>"; };
		918011EDAD2926EE8922FED2 /* Pods-UntindUITests.debug.xcconfig */ = {isa = PBXFileReference; includeInIndex = 1; lastKnownFileType = text.xcconfig; name = "Pods-UntindUITests.debug.xcconfig"; path = "Target Support Files/Pods-UntindUITests/Pods-UntindUITests.debug.xcconfig"; sourceTree = "<group>"; };
		B9EC78CED775F210243AE468 /* Pods_UntindUITests.framework */ = {isa = PBXFileReference; explicitFileType = wrapper.framework; includeInIndex = 0; path = Pods_UntindUITests.framework; sourceTree = BUILT_PRODUCTS_DIR; };
		D2CAD022DE78A7E39AB5B51C /* Pods-Untind.debug.xcconfig */ = {isa = PBXFileReference; includeInIndex = 1; lastKnownFileType = text.xcconfig; name = "Pods-Untind.debug.xcconfig"; path = "Target Support Files/Pods-Untind/Pods-Untind.debug.xcconfig"; sourceTree = "<group>"; };
		F4B0F3E6FBF9FC7F0EAF9164 /* Pods_Untind.framework */ = {isa = PBXFileReference; explicitFileType = wrapper.framework; includeInIndex = 0; path = Pods_Untind.framework; sourceTree = BUILT_PRODUCTS_DIR; };
/* End PBXFileReference section */

/* Begin PBXFrameworksBuildPhase section */
		0E17A37F22EC8DF500390BA5 /* Frameworks */ = {
			isa = PBXFrameworksBuildPhase;
			buildActionMask = 2147483647;
			files = (
				9BEF1F06E29B66E1012EF409 /* Pods_Untind.framework in Frameworks */,
			);
			runOnlyForDeploymentPostprocessing = 0;
		};
		0E17A39322EC8DF600390BA5 /* Frameworks */ = {
			isa = PBXFrameworksBuildPhase;
			buildActionMask = 2147483647;
			files = (
				B0DDED9204B14A0D7F50C79B /* Pods_UntindTests.framework in Frameworks */,
			);
			runOnlyForDeploymentPostprocessing = 0;
		};
		0E17A39E22EC8DF600390BA5 /* Frameworks */ = {
			isa = PBXFrameworksBuildPhase;
			buildActionMask = 2147483647;
			files = (
				9D7472092E23377E3094DD16 /* Pods_UntindUITests.framework in Frameworks */,
			);
			runOnlyForDeploymentPostprocessing = 0;
		};
/* End PBXFrameworksBuildPhase section */

/* Begin PBXGroup section */
		0E17A37922EC8DF500390BA5 = {
			isa = PBXGroup;
			children = (
				0E17A38422EC8DF500390BA5 /* Untind */,
				0E17A39922EC8DF600390BA5 /* UntindTests */,
				0E17A3A422EC8DF600390BA5 /* UntindUITests */,
				0E17A38322EC8DF500390BA5 /* Products */,
				803CFFF63201180656C2D759 /* Pods */,
				8A1CA5D73FF536F47A3AF4DE /* Frameworks */,
			);
			sourceTree = "<group>";
		};
		0E17A38322EC8DF500390BA5 /* Products */ = {
			isa = PBXGroup;
			children = (
				0E17A38222EC8DF500390BA5 /* Untind.app */,
				0E17A39622EC8DF600390BA5 /* UntindTests.xctest */,
				0E17A3A122EC8DF600390BA5 /* UntindUITests.xctest */,
			);
			name = Products;
			sourceTree = "<group>";
		};
		0E17A38422EC8DF500390BA5 /* Untind */ = {
			isa = PBXGroup;
			children = (
				0E17A3B522EC8E4700390BA5 /* Assets */,
				0E17A3B422EC8E3A00390BA5 /* Storyboards */,
				0E17A3B322EC8E3400390BA5 /* View Controllers */,
				0E17A38522EC8DF500390BA5 /* AppDelegate.swift */,
				0E17A39122EC8DF600390BA5 /* Info.plist */,
			);
			path = Untind;
			sourceTree = "<group>";
		};
		0E17A39922EC8DF600390BA5 /* UntindTests */ = {
			isa = PBXGroup;
			children = (
				0E17A39A22EC8DF600390BA5 /* UntindTests.swift */,
				0E17A39C22EC8DF600390BA5 /* Info.plist */,
			);
			path = UntindTests;
			sourceTree = "<group>";
		};
		0E17A3A422EC8DF600390BA5 /* UntindUITests */ = {
			isa = PBXGroup;
			children = (
				0E17A3A522EC8DF600390BA5 /* UntindUITests.swift */,
				0E17A3A722EC8DF600390BA5 /* Info.plist */,
			);
			path = UntindUITests;
			sourceTree = "<group>";
		};
		0E17A3B322EC8E3400390BA5 /* View Controllers */ = {
			isa = PBXGroup;
			children = (
				0E17A38722EC8DF500390BA5 /* ViewController.swift */,
			);
			path = "View Controllers";
			sourceTree = "<group>";
		};
		0E17A3B422EC8E3A00390BA5 /* Storyboards */ = {
			isa = PBXGroup;
			children = (
				0E17A38922EC8DF500390BA5 /* Main.storyboard */,
				0E17A38E22EC8DF600390BA5 /* LaunchScreen.storyboard */,
			);
			path = Storyboards;
			sourceTree = "<group>";
		};
		0E17A3B522EC8E4700390BA5 /* Assets */ = {
			isa = PBXGroup;
			children = (
				0E17A38C22EC8DF600390BA5 /* Assets.xcassets */,
			);
			path = Assets;
			sourceTree = "<group>";
		};
		803CFFF63201180656C2D759 /* Pods */ = {
			isa = PBXGroup;
			children = (
				D2CAD022DE78A7E39AB5B51C /* Pods-Untind.debug.xcconfig */,
				1304353B4B53B382BC0262C3 /* Pods-Untind.release.xcconfig */,
				7D580765A1EEC803E58134AA /* Pods-UntindTests.debug.xcconfig */,
				767802DA078BB1FE50658503 /* Pods-UntindTests.release.xcconfig */,
				918011EDAD2926EE8922FED2 /* Pods-UntindUITests.debug.xcconfig */,
				25C1EEBC1C73143988562697 /* Pods-UntindUITests.release.xcconfig */,
			);
			name = Pods;
			path = Pods;
			sourceTree = "<group>";
		};
		8A1CA5D73FF536F47A3AF4DE /* Frameworks */ = {
			isa = PBXGroup;
			children = (
				F4B0F3E6FBF9FC7F0EAF9164 /* Pods_Untind.framework */,
				11EE0AE1F6BF96288417DC38 /* Pods_UntindTests.framework */,
				B9EC78CED775F210243AE468 /* Pods_UntindUITests.framework */,
			);
			name = Frameworks;
			sourceTree = "<group>";
		};
/* End PBXGroup section */

/* Begin PBXNativeTarget section */
		0E17A38122EC8DF500390BA5 /* Untind */ = {
			isa = PBXNativeTarget;
			buildConfigurationList = 0E17A3AA22EC8DF600390BA5 /* Build configuration list for PBXNativeTarget "Untind" */;
			buildPhases = (
				63FC7487A77AACD8C7B745C5 /* [CP] Check Pods Manifest.lock */,
				0E17A37E22EC8DF500390BA5 /* Sources */,
				0E17A37F22EC8DF500390BA5 /* Frameworks */,
				0E17A38022EC8DF500390BA5 /* Resources */,
			);
			buildRules = (
			);
			dependencies = (
			);
			name = Untind;
			productName = Untind;
			productReference = 0E17A38222EC8DF500390BA5 /* Untind.app */;
			productType = "com.apple.product-type.application";
		};
		0E17A39522EC8DF600390BA5 /* UntindTests */ = {
			isa = PBXNativeTarget;
			buildConfigurationList = 0E17A3AD22EC8DF600390BA5 /* Build configuration list for PBXNativeTarget "UntindTests" */;
			buildPhases = (
				46ACF85C7DCE566B93FFC3B7 /* [CP] Check Pods Manifest.lock */,
				0E17A39222EC8DF600390BA5 /* Sources */,
				0E17A39322EC8DF600390BA5 /* Frameworks */,
				0E17A39422EC8DF600390BA5 /* Resources */,
			);
			buildRules = (
			);
			dependencies = (
				0E17A39822EC8DF600390BA5 /* PBXTargetDependency */,
			);
			name = UntindTests;
			productName = UntindTests;
			productReference = 0E17A39622EC8DF600390BA5 /* UntindTests.xctest */;
			productType = "com.apple.product-type.bundle.unit-test";
		};
		0E17A3A022EC8DF600390BA5 /* UntindUITests */ = {
			isa = PBXNativeTarget;
			buildConfigurationList = 0E17A3B022EC8DF600390BA5 /* Build configuration list for PBXNativeTarget "UntindUITests" */;
			buildPhases = (
				5DE9DD484AAC0CC622D210DC /* [CP] Check Pods Manifest.lock */,
				0E17A39D22EC8DF600390BA5 /* Sources */,
				0E17A39E22EC8DF600390BA5 /* Frameworks */,
				0E17A39F22EC8DF600390BA5 /* Resources */,
			);
			buildRules = (
			);
			dependencies = (
				0E17A3A322EC8DF600390BA5 /* PBXTargetDependency */,
			);
			name = UntindUITests;
			productName = UntindUITests;
			productReference = 0E17A3A122EC8DF600390BA5 /* UntindUITests.xctest */;
			productType = "com.apple.product-type.bundle.ui-testing";
		};
/* End PBXNativeTarget section */

/* Begin PBXProject section */
		0E17A37A22EC8DF500390BA5 /* Project object */ = {
			isa = PBXProject;
			attributes = {
				LastSwiftUpdateCheck = 1030;
				LastUpgradeCheck = 1030;
				ORGANIZATIONNAME = FincPicsels;
				TargetAttributes = {
					0E17A38122EC8DF500390BA5 = {
						CreatedOnToolsVersion = 10.3;
					};
					0E17A39522EC8DF600390BA5 = {
						CreatedOnToolsVersion = 10.3;
						TestTargetID = 0E17A38122EC8DF500390BA5;
					};
					0E17A3A022EC8DF600390BA5 = {
						CreatedOnToolsVersion = 10.3;
						TestTargetID = 0E17A38122EC8DF500390BA5;
					};
				};
			};
			buildConfigurationList = 0E17A37D22EC8DF500390BA5 /* Build configuration list for PBXProject "Untind" */;
			compatibilityVersion = "Xcode 9.3";
			developmentRegion = en;
			hasScannedForEncodings = 0;
			knownRegions = (
				en,
				Base,
			);
			mainGroup = 0E17A37922EC8DF500390BA5;
			productRefGroup = 0E17A38322EC8DF500390BA5 /* Products */;
			projectDirPath = "";
			projectRoot = "";
			targets = (
				0E17A38122EC8DF500390BA5 /* Untind */,
				0E17A39522EC8DF600390BA5 /* UntindTests */,
				0E17A3A022EC8DF600390BA5 /* UntindUITests */,
			);
		};
/* End PBXProject section */

/* Begin PBXResourcesBuildPhase section */
		0E17A38022EC8DF500390BA5 /* Resources */ = {
			isa = PBXResourcesBuildPhase;
			buildActionMask = 2147483647;
			files = (
				0E17A39022EC8DF600390BA5 /* LaunchScreen.storyboard in Resources */,
				0E17A38D22EC8DF600390BA5 /* Assets.xcassets in Resources */,
				0E17A38B22EC8DF500390BA5 /* Main.storyboard in Resources */,
			);
			runOnlyForDeploymentPostprocessing = 0;
		};
		0E17A39422EC8DF600390BA5 /* Resources */ = {
			isa = PBXResourcesBuildPhase;
			buildActionMask = 2147483647;
			files = (
			);
			runOnlyForDeploymentPostprocessing = 0;
		};
		0E17A39F22EC8DF600390BA5 /* Resources */ = {
			isa = PBXResourcesBuildPhase;
			buildActionMask = 2147483647;
			files = (
			);
			runOnlyForDeploymentPostprocessing = 0;
		};
/* End PBXResourcesBuildPhase section */

/* Begin PBXShellScriptBuildPhase section */
		46ACF85C7DCE566B93FFC3B7 /* [CP] Check Pods Manifest.lock */ = {
			isa = PBXShellScriptBuildPhase;
			buildActionMask = 2147483647;
			files = (
			);
			inputFileListPaths = (
			);
			inputPaths = (
				"${PODS_PODFILE_DIR_PATH}/Podfile.lock",
				"${PODS_ROOT}/Manifest.lock",
			);
			name = "[CP] Check Pods Manifest.lock";
			outputFileListPaths = (
			);
			outputPaths = (
				"$(DERIVED_FILE_DIR)/Pods-UntindTests-checkManifestLockResult.txt",
			);
			runOnlyForDeploymentPostprocessing = 0;
			shellPath = /bin/sh;
			shellScript = "diff \"${PODS_PODFILE_DIR_PATH}/Podfile.lock\" \"${PODS_ROOT}/Manifest.lock\" > /dev/null\nif [ $? != 0 ] ; then\n    # print error to STDERR\n    echo \"error: The sandbox is not in sync with the Podfile.lock. Run 'pod install' or update your CocoaPods installation.\" >&2\n    exit 1\nfi\n# This output is used by Xcode 'outputs' to avoid re-running this script phase.\necho \"SUCCESS\" > \"${SCRIPT_OUTPUT_FILE_0}\"\n";
			showEnvVarsInLog = 0;
		};
		5DE9DD484AAC0CC622D210DC /* [CP] Check Pods Manifest.lock */ = {
			isa = PBXShellScriptBuildPhase;
			buildActionMask = 2147483647;
			files = (
			);
			inputFileListPaths = (
			);
			inputPaths = (
				"${PODS_PODFILE_DIR_PATH}/Podfile.lock",
				"${PODS_ROOT}/Manifest.lock",
			);
			name = "[CP] Check Pods Manifest.lock";
			outputFileListPaths = (
			);
			outputPaths = (
				"$(DERIVED_FILE_DIR)/Pods-UntindUITests-checkManifestLockResult.txt",
			);
			runOnlyForDeploymentPostprocessing = 0;
			shellPath = /bin/sh;
			shellScript = "diff \"${PODS_PODFILE_DIR_PATH}/Podfile.lock\" \"${PODS_ROOT}/Manifest.lock\" > /dev/null\nif [ $? != 0 ] ; then\n    # print error to STDERR\n    echo \"error: The sandbox is not in sync with the Podfile.lock. Run 'pod install' or update your CocoaPods installation.\" >&2\n    exit 1\nfi\n# This output is used by Xcode 'outputs' to avoid re-running this script phase.\necho \"SUCCESS\" > \"${SCRIPT_OUTPUT_FILE_0}\"\n";
			showEnvVarsInLog = 0;
		};
		63FC7487A77AACD8C7B745C5 /* [CP] Check Pods Manifest.lock */ = {
			isa = PBXShellScriptBuildPhase;
			buildActionMask = 2147483647;
			files = (
			);
			inputFileListPaths = (
			);
			inputPaths = (
				"${PODS_PODFILE_DIR_PATH}/Podfile.lock",
				"${PODS_ROOT}/Manifest.lock",
			);
			name = "[CP] Check Pods Manifest.lock";
			outputFileListPaths = (
			);
			outputPaths = (
				"$(DERIVED_FILE_DIR)/Pods-Untind-checkManifestLockResult.txt",
			);
			runOnlyForDeploymentPostprocessing = 0;
			shellPath = /bin/sh;
			shellScript = "diff \"${PODS_PODFILE_DIR_PATH}/Podfile.lock\" \"${PODS_ROOT}/Manifest.lock\" > /dev/null\nif [ $? != 0 ] ; then\n    # print error to STDERR\n    echo \"error: The sandbox is not in sync with the Podfile.lock. Run 'pod install' or update your CocoaPods installation.\" >&2\n    exit 1\nfi\n# This output is used by Xcode 'outputs' to avoid re-running this script phase.\necho \"SUCCESS\" > \"${SCRIPT_OUTPUT_FILE_0}\"\n";
			showEnvVarsInLog = 0;
		};
/* End PBXShellScriptBuildPhase section */

/* Begin PBXSourcesBuildPhase section */
		0E17A37E22EC8DF500390BA5 /* Sources */ = {
			isa = PBXSourcesBuildPhase;
			buildActionMask = 2147483647;
			files = (
				0E17A38822EC8DF500390BA5 /* ViewController.swift in Sources */,
				0E17A38622EC8DF500390BA5 /* AppDelegate.swift in Sources */,
			);
			runOnlyForDeploymentPostprocessing = 0;
		};
		0E17A39222EC8DF600390BA5 /* Sources */ = {
			isa = PBXSourcesBuildPhase;
			buildActionMask = 2147483647;
			files = (
				0E17A39B22EC8DF600390BA5 /* UntindTests.swift in Sources */,
			);
			runOnlyForDeploymentPostprocessing = 0;
		};
		0E17A39D22EC8DF600390BA5 /* Sources */ = {
			isa = PBXSourcesBuildPhase;
			buildActionMask = 2147483647;
			files = (
				0E17A3A622EC8DF600390BA5 /* UntindUITests.swift in Sources */,
			);
			runOnlyForDeploymentPostprocessing = 0;
		};
/* End PBXSourcesBuildPhase section */

/* Begin PBXTargetDependency section */
		0E17A39822EC8DF600390BA5 /* PBXTargetDependency */ = {
			isa = PBXTargetDependency;
			target = 0E17A38122EC8DF500390BA5 /* Untind */;
			targetProxy = 0E17A39722EC8DF600390BA5 /* PBXContainerItemProxy */;
		};
		0E17A3A322EC8DF600390BA5 /* PBXTargetDependency */ = {
			isa = PBXTargetDependency;
			target = 0E17A38122EC8DF500390BA5 /* Untind */;
			targetProxy = 0E17A3A222EC8DF600390BA5 /* PBXContainerItemProxy */;
		};
/* End PBXTargetDependency section */

/* Begin PBXVariantGroup section */
		0E17A38922EC8DF500390BA5 /* Main.storyboard */ = {
			isa = PBXVariantGroup;
			children = (
				0E17A38A22EC8DF500390BA5 /* Base */,
			);
			name = Main.storyboard;
			sourceTree = "<group>";
		};
		0E17A38E22EC8DF600390BA5 /* LaunchScreen.storyboard */ = {
			isa = PBXVariantGroup;
			children = (
				0E17A38F22EC8DF600390BA5 /* Base */,
			);
			name = LaunchScreen.storyboard;
			sourceTree = "<group>";
		};
/* End PBXVariantGroup section */

/* Begin XCBuildConfiguration section */
		0E17A3A822EC8DF600390BA5 /* Debug */ = {
			isa = XCBuildConfiguration;
			buildSettings = {
				ALWAYS_SEARCH_USER_PATHS = NO;
				CLANG_ANALYZER_NONNULL = YES;
				CLANG_ANALYZER_NUMBER_OBJECT_CONVERSION = YES_AGGRESSIVE;
				CLANG_CXX_LANGUAGE_STANDARD = "gnu++14";
				CLANG_CXX_LIBRARY = "libc++";
				CLANG_ENABLE_MODULES = YES;
				CLANG_ENABLE_OBJC_ARC = YES;
				CLANG_ENABLE_OBJC_WEAK = YES;
				CLANG_WARN_BLOCK_CAPTURE_AUTORELEASING = YES;
				CLANG_WARN_BOOL_CONVERSION = YES;
				CLANG_WARN_COMMA = YES;
				CLANG_WARN_CONSTANT_CONVERSION = YES;
				CLANG_WARN_DEPRECATED_OBJC_IMPLEMENTATIONS = YES;
				CLANG_WARN_DIRECT_OBJC_ISA_USAGE = YES_ERROR;
				CLANG_WARN_DOCUMENTATION_COMMENTS = YES;
				CLANG_WARN_EMPTY_BODY = YES;
				CLANG_WARN_ENUM_CONVERSION = YES;
				CLANG_WARN_INFINITE_RECURSION = YES;
				CLANG_WARN_INT_CONVERSION = YES;
				CLANG_WARN_NON_LITERAL_NULL_CONVERSION = YES;
				CLANG_WARN_OBJC_IMPLICIT_RETAIN_SELF = YES;
				CLANG_WARN_OBJC_LITERAL_CONVERSION = YES;
				CLANG_WARN_OBJC_ROOT_CLASS = YES_ERROR;
				CLANG_WARN_RANGE_LOOP_ANALYSIS = YES;
				CLANG_WARN_STRICT_PROTOTYPES = YES;
				CLANG_WARN_SUSPICIOUS_MOVE = YES;
				CLANG_WARN_UNGUARDED_AVAILABILITY = YES_AGGRESSIVE;
				CLANG_WARN_UNREACHABLE_CODE = YES;
				CLANG_WARN__DUPLICATE_METHOD_MATCH = YES;
				CODE_SIGN_IDENTITY = "iPhone Developer";
				COPY_PHASE_STRIP = NO;
				DEBUG_INFORMATION_FORMAT = dwarf;
				ENABLE_STRICT_OBJC_MSGSEND = YES;
				ENABLE_TESTABILITY = YES;
				GCC_C_LANGUAGE_STANDARD = gnu11;
				GCC_DYNAMIC_NO_PIC = NO;
				GCC_NO_COMMON_BLOCKS = YES;
				GCC_OPTIMIZATION_LEVEL = 0;
				GCC_PREPROCESSOR_DEFINITIONS = (
					"DEBUG=1",
					"$(inherited)",
				);
				GCC_WARN_64_TO_32_BIT_CONVERSION = YES;
				GCC_WARN_ABOUT_RETURN_TYPE = YES_ERROR;
				GCC_WARN_UNDECLARED_SELECTOR = YES;
				GCC_WARN_UNINITIALIZED_AUTOS = YES_AGGRESSIVE;
				GCC_WARN_UNUSED_FUNCTION = YES;
				GCC_WARN_UNUSED_VARIABLE = YES;
				IPHONEOS_DEPLOYMENT_TARGET = 12.4;
				MTL_ENABLE_DEBUG_INFO = INCLUDE_SOURCE;
				MTL_FAST_MATH = YES;
				ONLY_ACTIVE_ARCH = YES;
				SDKROOT = iphoneos;
				SWIFT_ACTIVE_COMPILATION_CONDITIONS = DEBUG;
				SWIFT_OPTIMIZATION_LEVEL = "-Onone";
			};
			name = Debug;
		};
		0E17A3A922EC8DF600390BA5 /* Release */ = {
			isa = XCBuildConfiguration;
			buildSettings = {
				ALWAYS_SEARCH_USER_PATHS = NO;
				CLANG_ANALYZER_NONNULL = YES;
				CLANG_ANALYZER_NUMBER_OBJECT_CONVERSION = YES_AGGRESSIVE;
				CLANG_CXX_LANGUAGE_STANDARD = "gnu++14";
				CLANG_CXX_LIBRARY = "libc++";
				CLANG_ENABLE_MODULES = YES;
				CLANG_ENABLE_OBJC_ARC = YES;
				CLANG_ENABLE_OBJC_WEAK = YES;
				CLANG_WARN_BLOCK_CAPTURE_AUTORELEASING = YES;
				CLANG_WARN_BOOL_CONVERSION = YES;
				CLANG_WARN_COMMA = YES;
				CLANG_WARN_CONSTANT_CONVERSION = YES;
				CLANG_WARN_DEPRECATED_OBJC_IMPLEMENTATIONS = YES;
				CLANG_WARN_DIRECT_OBJC_ISA_USAGE = YES_ERROR;
				CLANG_WARN_DOCUMENTATION_COMMENTS = YES;
				CLANG_WARN_EMPTY_BODY = YES;
				CLANG_WARN_ENUM_CONVERSION = YES;
				CLANG_WARN_INFINITE_RECURSION = YES;
				CLANG_WARN_INT_CONVERSION = YES;
				CLANG_WARN_NON_LITERAL_NULL_CONVERSION = YES;
				CLANG_WARN_OBJC_IMPLICIT_RETAIN_SELF = YES;
				CLANG_WARN_OBJC_LITERAL_CONVERSION = YES;
				CLANG_WARN_OBJC_ROOT_CLASS = YES_ERROR;
				CLANG_WARN_RANGE_LOOP_ANALYSIS = YES;
				CLANG_WARN_STRICT_PROTOTYPES = YES;
				CLANG_WARN_SUSPICIOUS_MOVE = YES;
				CLANG_WARN_UNGUARDED_AVAILABILITY = YES_AGGRESSIVE;
				CLANG_WARN_UNREACHABLE_CODE = YES;
				CLANG_WARN__DUPLICATE_METHOD_MATCH = YES;
				CODE_SIGN_IDENTITY = "iPhone Developer";
				COPY_PHASE_STRIP = NO;
				DEBUG_INFORMATION_FORMAT = "dwarf-with-dsym";
				ENABLE_NS_ASSERTIONS = NO;
				ENABLE_STRICT_OBJC_MSGSEND = YES;
				GCC_C_LANGUAGE_STANDARD = gnu11;
				GCC_NO_COMMON_BLOCKS = YES;
				GCC_WARN_64_TO_32_BIT_CONVERSION = YES;
				GCC_WARN_ABOUT_RETURN_TYPE = YES_ERROR;
				GCC_WARN_UNDECLARED_SELECTOR = YES;
				GCC_WARN_UNINITIALIZED_AUTOS = YES_AGGRESSIVE;
				GCC_WARN_UNUSED_FUNCTION = YES;
				GCC_WARN_UNUSED_VARIABLE = YES;
				IPHONEOS_DEPLOYMENT_TARGET = 12.4;
				MTL_ENABLE_DEBUG_INFO = NO;
				MTL_FAST_MATH = YES;
				SDKROOT = iphoneos;
				SWIFT_COMPILATION_MODE = wholemodule;
				SWIFT_OPTIMIZATION_LEVEL = "-O";
				VALIDATE_PRODUCT = YES;
			};
			name = Release;
		};
		0E17A3AB22EC8DF600390BA5 /* Debug */ = {
			isa = XCBuildConfiguration;
			baseConfigurationReference = D2CAD022DE78A7E39AB5B51C /* Pods-Untind.debug.xcconfig */;
			buildSettings = {
				ASSETCATALOG_COMPILER_APPICON_NAME = AppIcon;
				CODE_SIGN_STYLE = Automatic;
				DEVELOPMENT_TEAM = 339G5DV22M;
				INFOPLIST_FILE = Untind/Info.plist;
				IPHONEOS_DEPLOYMENT_TARGET = 10.0;
				LD_RUNPATH_SEARCH_PATHS = (
					"$(inherited)",
					"@executable_path/Frameworks",
				);
				PRODUCT_BUNDLE_IDENTIFIER = FincPicsels.Untind.MVP;
				PRODUCT_NAME = "$(TARGET_NAME)";
				SWIFT_VERSION = 5.0;
				TARGETED_DEVICE_FAMILY = 1;
			};
			name = Debug;
		};
		0E17A3AC22EC8DF600390BA5 /* Release */ = {
			isa = XCBuildConfiguration;
			baseConfigurationReference = 1304353B4B53B382BC0262C3 /* Pods-Untind.release.xcconfig */;
			buildSettings = {
				ASSETCATALOG_COMPILER_APPICON_NAME = AppIcon;
				CODE_SIGN_STYLE = Automatic;
				DEVELOPMENT_TEAM = 339G5DV22M;
				INFOPLIST_FILE = Untind/Info.plist;
				IPHONEOS_DEPLOYMENT_TARGET = 10.0;
				LD_RUNPATH_SEARCH_PATHS = (
					"$(inherited)",
					"@executable_path/Frameworks",
				);
				PRODUCT_BUNDLE_IDENTIFIER = FincPicsels.Untind.MVP;
				PRODUCT_NAME = "$(TARGET_NAME)";
				SWIFT_VERSION = 5.0;
				TARGETED_DEVICE_FAMILY = 1;
			};
			name = Release;
		};
		0E17A3AE22EC8DF600390BA5 /* Debug */ = {
			isa = XCBuildConfiguration;
			baseConfigurationReference = 7D580765A1EEC803E58134AA /* Pods-UntindTests.debug.xcconfig */;
			buildSettings = {
				ALWAYS_EMBED_SWIFT_STANDARD_LIBRARIES = YES;
				BUNDLE_LOADER = "$(TEST_HOST)";
				CODE_SIGN_STYLE = Automatic;
				INFOPLIST_FILE = UntindTests/Info.plist;
				LD_RUNPATH_SEARCH_PATHS = (
					"$(inherited)",
					"@executable_path/Frameworks",
					"@loader_path/Frameworks",
				);
				PRODUCT_BUNDLE_IDENTIFIER = FincPicsels.UntindTests;
				PRODUCT_NAME = "$(TARGET_NAME)";
				SWIFT_VERSION = 5.0;
				TARGETED_DEVICE_FAMILY = "1,2";
				TEST_HOST = "$(BUILT_PRODUCTS_DIR)/Untind.app/Untind";
			};
			name = Debug;
		};
		0E17A3AF22EC8DF600390BA5 /* Release */ = {
			isa = XCBuildConfiguration;
			baseConfigurationReference = 767802DA078BB1FE50658503 /* Pods-UntindTests.release.xcconfig */;
			buildSettings = {
				ALWAYS_EMBED_SWIFT_STANDARD_LIBRARIES = YES;
				BUNDLE_LOADER = "$(TEST_HOST)";
				CODE_SIGN_STYLE = Automatic;
				INFOPLIST_FILE = UntindTests/Info.plist;
				LD_RUNPATH_SEARCH_PATHS = (
					"$(inherited)",
					"@executable_path/Frameworks",
					"@loader_path/Frameworks",
				);
				PRODUCT_BUNDLE_IDENTIFIER = FincPicsels.UntindTests;
				PRODUCT_NAME = "$(TARGET_NAME)";
				SWIFT_VERSION = 5.0;
				TARGETED_DEVICE_FAMILY = "1,2";
				TEST_HOST = "$(BUILT_PRODUCTS_DIR)/Untind.app/Untind";
			};
			name = Release;
		};
		0E17A3B122EC8DF600390BA5 /* Debug */ = {
			isa = XCBuildConfiguration;
			baseConfigurationReference = 918011EDAD2926EE8922FED2 /* Pods-UntindUITests.debug.xcconfig */;
			buildSettings = {
				ALWAYS_EMBED_SWIFT_STANDARD_LIBRARIES = YES;
				CODE_SIGN_STYLE = Automatic;
				INFOPLIST_FILE = UntindUITests/Info.plist;
				LD_RUNPATH_SEARCH_PATHS = (
					"$(inherited)",
					"@executable_path/Frameworks",
					"@loader_path/Frameworks",
				);
				PRODUCT_BUNDLE_IDENTIFIER = FincPicsels.UntindUITests;
				PRODUCT_NAME = "$(TARGET_NAME)";
				SWIFT_VERSION = 5.0;
				TARGETED_DEVICE_FAMILY = "1,2";
				TEST_TARGET_NAME = Untind;
			};
			name = Debug;
		};
		0E17A3B222EC8DF600390BA5 /* Release */ = {
			isa = XCBuildConfiguration;
			baseConfigurationReference = 25C1EEBC1C73143988562697 /* Pods-UntindUITests.release.xcconfig */;
			buildSettings = {
				ALWAYS_EMBED_SWIFT_STANDARD_LIBRARIES = YES;
				CODE_SIGN_STYLE = Automatic;
				INFOPLIST_FILE = UntindUITests/Info.plist;
				LD_RUNPATH_SEARCH_PATHS = (
					"$(inherited)",
					"@executable_path/Frameworks",
					"@loader_path/Frameworks",
				);
				PRODUCT_BUNDLE_IDENTIFIER = FincPicsels.UntindUITests;
				PRODUCT_NAME = "$(TARGET_NAME)";
				SWIFT_VERSION = 5.0;
				TARGETED_DEVICE_FAMILY = "1,2";
				TEST_TARGET_NAME = Untind;
			};
			name = Release;
		};
/* End XCBuildConfiguration section */

/* Begin XCConfigurationList section */
		0E17A37D22EC8DF500390BA5 /* Build configuration list for PBXProject "Untind" */ = {
			isa = XCConfigurationList;
			buildConfigurations = (
				0E17A3A822EC8DF600390BA5 /* Debug */,
				0E17A3A922EC8DF600390BA5 /* Release */,
			);
			defaultConfigurationIsVisible = 0;
			defaultConfigurationName = Release;
		};
		0E17A3AA22EC8DF600390BA5 /* Build configuration list for PBXNativeTarget "Untind" */ = {
			isa = XCConfigurationList;
			buildConfigurations = (
				0E17A3AB22EC8DF600390BA5 /* Debug */,
				0E17A3AC22EC8DF600390BA5 /* Release */,
			);
			defaultConfigurationIsVisible = 0;
			defaultConfigurationName = Release;
		};
		0E17A3AD22EC8DF600390BA5 /* Build configuration list for PBXNativeTarget "UntindTests" */ = {
			isa = XCConfigurationList;
			buildConfigurations = (
				0E17A3AE22EC8DF600390BA5 /* Debug */,
				0E17A3AF22EC8DF600390BA5 /* Release */,
			);
			defaultConfigurationIsVisible = 0;
			defaultConfigurationName = Release;
		};
		0E17A3B022EC8DF600390BA5 /* Build configuration list for PBXNativeTarget "UntindUITests" */ = {
			isa = XCConfigurationList;
			buildConfigurations = (
				0E17A3B122EC8DF600390BA5 /* Debug */,
				0E17A3B222EC8DF600390BA5 /* Release */,
			);
			defaultConfigurationIsVisible = 0;
			defaultConfigurationName = Release;
		};
/* End XCConfigurationList section */
	};
	rootObject = 0E17A37A22EC8DF500390BA5 /* Project object */;
}
