// !$*UTF8*$!
{
	archiveVersion = 1;
	classes = {
	};
	objectVersion = 51;
	objects = {

/* Begin PBXBuildFile section */
		0E060C37235667FE00E00251 /* ReportUserPopup.swift in Sources */ = {isa = PBXBuildFile; fileRef = 0E060C36235667FE00E00251 /* ReportUserPopup.swift */; };
		0E060C3B2356688D00E00251 /* ReportReasonCell.swift in Sources */ = {isa = PBXBuildFile; fileRef = 0E060C392356688D00E00251 /* ReportReasonCell.swift */; };
		0E068A4722FB520E00A9BDE9 /* MyAnswersTableViewCell.swift in Sources */ = {isa = PBXBuildFile; fileRef = 0E068A4522FB520E00A9BDE9 /* MyAnswersTableViewCell.swift */; };
		0E068A4822FB520E00A9BDE9 /* MyAnswersTableViewCell.xib in Resources */ = {isa = PBXBuildFile; fileRef = 0E068A4622FB520E00A9BDE9 /* MyAnswersTableViewCell.xib */; };
		0E068A4B22FB558F00A9BDE9 /* AnswersContainerCell.swift in Sources */ = {isa = PBXBuildFile; fileRef = 0E068A4922FB558F00A9BDE9 /* AnswersContainerCell.swift */; };
		0E068A4C22FB558F00A9BDE9 /* MyAnswersContainerCell.xib in Resources */ = {isa = PBXBuildFile; fileRef = 0E068A4A22FB558F00A9BDE9 /* MyAnswersContainerCell.xib */; };
		0E079B552396E4E4004B1D7B /* ChatInputAccesoryView.swift in Sources */ = {isa = PBXBuildFile; fileRef = 0E079B542396E4E4004B1D7B /* ChatInputAccesoryView.swift */; };
		0E09534D2310636600326172 /* WriteQuestionViewController.swift in Sources */ = {isa = PBXBuildFile; fileRef = 0E09534C2310636600326172 /* WriteQuestionViewController.swift */; };
		0E09534F231069CA00326172 /* AddQuestionController.swift in Sources */ = {isa = PBXBuildFile; fileRef = 0E09534E231069CA00326172 /* AddQuestionController.swift */; };
		0E0E045D2319C47200979E03 /* UTPageControl.swift in Sources */ = {isa = PBXBuildFile; fileRef = 0E0E045C2319C47200979E03 /* UTPageControl.swift */; };
		0E10DACF23873050001F89CD /* MessageCell.swift in Sources */ = {isa = PBXBuildFile; fileRef = 0E10DACD23873050001F89CD /* MessageCell.swift */; };
		0E1291982399AF86001D1470 /* StringExtension.swift in Sources */ = {isa = PBXBuildFile; fileRef = 0E1291972399AF86001D1470 /* StringExtension.swift */; };
		0E12919A2399B4E2001D1470 /* CharacterExtension.swift in Sources */ = {isa = PBXBuildFile; fileRef = 0E1291992399B4E2001D1470 /* CharacterExtension.swift */; };
		0E14BF3F237C922400E25880 /* ChatViewController.swift in Sources */ = {isa = PBXBuildFile; fileRef = 0E14BF3E237C922400E25880 /* ChatViewController.swift */; };
		0E15661F23982C26004A1FD5 /* UIFontExtension.swift in Sources */ = {isa = PBXBuildFile; fileRef = 0E15661E23982C26004A1FD5 /* UIFontExtension.swift */; };
		0E17A38622EC8DF500390BA5 /* AppDelegate.swift in Sources */ = {isa = PBXBuildFile; fileRef = 0E17A38522EC8DF500390BA5 /* AppDelegate.swift */; };
		0E17A38822EC8DF500390BA5 /* OnboardingViewController.swift in Sources */ = {isa = PBXBuildFile; fileRef = 0E17A38722EC8DF500390BA5 /* OnboardingViewController.swift */; };
		0E17A38B22EC8DF500390BA5 /* Main.storyboard in Resources */ = {isa = PBXBuildFile; fileRef = 0E17A38922EC8DF500390BA5 /* Main.storyboard */; };
		0E17A38D22EC8DF600390BA5 /* Assets.xcassets in Resources */ = {isa = PBXBuildFile; fileRef = 0E17A38C22EC8DF600390BA5 /* Assets.xcassets */; };
		0E17A39022EC8DF600390BA5 /* LaunchScreen.storyboard in Resources */ = {isa = PBXBuildFile; fileRef = 0E17A38E22EC8DF600390BA5 /* LaunchScreen.storyboard */; };
		0E17A39B22EC8DF600390BA5 /* UntindTests.swift in Sources */ = {isa = PBXBuildFile; fileRef = 0E17A39A22EC8DF600390BA5 /* UntindTests.swift */; };
		0E17A3A622EC8DF600390BA5 /* UntindUITests.swift in Sources */ = {isa = PBXBuildFile; fileRef = 0E17A3A522EC8DF600390BA5 /* UntindUITests.swift */; };
		0E17A3B822EC9A3F00390BA5 /* UIColorExtension.swift in Sources */ = {isa = PBXBuildFile; fileRef = 0E17A3B722EC9A3F00390BA5 /* UIColorExtension.swift */; };
		0E17A3BB22EC9E7D00390BA5 /* GOTHICB.TTF in Resources */ = {isa = PBXBuildFile; fileRef = 0E17A3BA22EC9E7D00390BA5 /* GOTHICB.TTF */; };
		0E17A3BC22EC9E8700390BA5 /* GOTHICB.TTF in Sources */ = {isa = PBXBuildFile; fileRef = 0E17A3BA22EC9E7D00390BA5 /* GOTHICB.TTF */; };
		0E1C8B3A22F9EDBD0011A5D7 /* MyQuestionsViewController.swift in Sources */ = {isa = PBXBuildFile; fileRef = 0E1C8B3922F9EDBD0011A5D7 /* MyQuestionsViewController.swift */; };
		0E1C8B3E22F9FD3A0011A5D7 /* MyQuestionsCollectionViewCell.swift in Sources */ = {isa = PBXBuildFile; fileRef = 0E1C8B3C22F9FD3A0011A5D7 /* MyQuestionsCollectionViewCell.swift */; };
		0E1C8B3F22F9FD3A0011A5D7 /* MyQuestionsCollectionViewCell.xib in Resources */ = {isa = PBXBuildFile; fileRef = 0E1C8B3D22F9FD3A0011A5D7 /* MyQuestionsCollectionViewCell.xib */; };
		0E1C8B4222FA00A80011A5D7 /* MyQuestionsContainerCell.swift in Sources */ = {isa = PBXBuildFile; fileRef = 0E1C8B4022FA00A80011A5D7 /* MyQuestionsContainerCell.swift */; };
		0E1C8B4322FA00A80011A5D7 /* MyQuestionsContainerCell.xib in Resources */ = {isa = PBXBuildFile; fileRef = 0E1C8B4122FA00A80011A5D7 /* MyQuestionsContainerCell.xib */; };
		0E1EA6D7239ED98100147B88 /* UTMessage.swift in Sources */ = {isa = PBXBuildFile; fileRef = 0E1EA6D6239ED98100147B88 /* UTMessage.swift */; };
		0E22593F238332EC009E6C24 /* Message.swift in Sources */ = {isa = PBXBuildFile; fileRef = 0E22593E238332EC009E6C24 /* Message.swift */; };
		0E22594223833710009E6C24 /* VerticallyCenteredTextView.swift in Sources */ = {isa = PBXBuildFile; fileRef = 0E22594123833710009E6C24 /* VerticallyCenteredTextView.swift */; };
		0E3BE6A02314490100746E90 /* VerticalAlignLabel.swift in Sources */ = {isa = PBXBuildFile; fileRef = 0E3BE69F2314490100746E90 /* VerticalAlignLabel.swift */; };
		0E416C10231993B700EA3CA7 /* UTLoginTextView.swift in Sources */ = {isa = PBXBuildFile; fileRef = 0E416C0F231993B700EA3CA7 /* UTLoginTextView.swift */; };
		0E416C1223199B7C00EA3CA7 /* SignInViewController.swift in Sources */ = {isa = PBXBuildFile; fileRef = 0E416C1123199B7C00EA3CA7 /* SignInViewController.swift */; };
		0E416C142319AEF600EA3CA7 /* SignUpViewController.swift in Sources */ = {isa = PBXBuildFile; fileRef = 0E416C132319AEF600EA3CA7 /* SignUpViewController.swift */; };
		0E416C162319BAD000EA3CA7 /* CreateProfileViewController.swift in Sources */ = {isa = PBXBuildFile; fileRef = 0E416C152319BAD000EA3CA7 /* CreateProfileViewController.swift */; };
		0E416C192319BBA500EA3CA7 /* CreateProfileFirstCell.swift in Sources */ = {isa = PBXBuildFile; fileRef = 0E416C172319BBA500EA3CA7 /* CreateProfileFirstCell.swift */; };
		0E416C1A2319BBA500EA3CA7 /* CreateProfileFirstCell.xib in Resources */ = {isa = PBXBuildFile; fileRef = 0E416C182319BBA500EA3CA7 /* CreateProfileFirstCell.xib */; };
		0E468F772356540800C671AE /* ProfileAnswerCell.swift in Sources */ = {isa = PBXBuildFile; fileRef = 0E468F752356540800C671AE /* ProfileAnswerCell.swift */; };
		0E468F782356540800C671AE /* ProfileAnswerCell.xib in Resources */ = {isa = PBXBuildFile; fileRef = 0E468F762356540800C671AE /* ProfileAnswerCell.xib */; };
		0E468F7A235661EC00C671AE /* Popups.storyboard in Resources */ = {isa = PBXBuildFile; fileRef = 0E468F79235661EC00C671AE /* Popups.storyboard */; };
		0E47592D22EDE7E900B2DE82 /* GoogleService-Info.plist in Resources */ = {isa = PBXBuildFile; fileRef = 0E47592C22EDE7E900B2DE82 /* GoogleService-Info.plist */; };
		0E47592F22EDF0F300B2DE82 /* TabBarViewController.swift in Sources */ = {isa = PBXBuildFile; fileRef = 0E47592E22EDF0F300B2DE82 /* TabBarViewController.swift */; };
		0E47593222EDF37600B2DE82 /* UITabBarButton.swift in Sources */ = {isa = PBXBuildFile; fileRef = 0E47593122EDF37600B2DE82 /* UITabBarButton.swift */; };
		0E47593422EDFCD600B2DE82 /* UIImageExtension.swift in Sources */ = {isa = PBXBuildFile; fileRef = 0E47593322EDFCD600B2DE82 /* UIImageExtension.swift */; };
		0E47593622EE18E100B2DE82 /* TabBarCircleView.swift in Sources */ = {isa = PBXBuildFile; fileRef = 0E47593522EE18E100B2DE82 /* TabBarCircleView.swift */; };
		0E47593822EE1AE500B2DE82 /* UIViewExtension.swift in Sources */ = {isa = PBXBuildFile; fileRef = 0E47593722EE1AE500B2DE82 /* UIViewExtension.swift */; };
		0E47593A22EE1E4400B2DE82 /* FeedViewController.swift in Sources */ = {isa = PBXBuildFile; fileRef = 0E47593922EE1E4400B2DE82 /* FeedViewController.swift */; };
		0E5132B32347BC160035C959 /* AddQuestionCollectionViewCell.swift in Sources */ = {isa = PBXBuildFile; fileRef = 0E5132B12347BC160035C959 /* AddQuestionCollectionViewCell.swift */; };
		0E5132B42347BC160035C959 /* AddQuestionCollectionViewCell.xib in Resources */ = {isa = PBXBuildFile; fileRef = 0E5132B22347BC160035C959 /* AddQuestionCollectionViewCell.xib */; };
		0E5EC81A22F37669003C8C73 /* CALayerExtension.swift in Sources */ = {isa = PBXBuildFile; fileRef = 0E5EC81922F37669003C8C73 /* CALayerExtension.swift */; };
		0E5EC81C22F38A9A003C8C73 /* ShadowUIView.swift in Sources */ = {isa = PBXBuildFile; fileRef = 0E5EC81B22F38A9A003C8C73 /* ShadowUIView.swift */; };
		0E60045423720F0400BCB4F4 /* VoteButton.swift in Sources */ = {isa = PBXBuildFile; fileRef = 0E60045323720F0400BCB4F4 /* VoteButton.swift */; };
		0E61DD5222EF77F900C1C8C7 /* SwipeableView.swift in Sources */ = {isa = PBXBuildFile; fileRef = 0E61DD5122EF77F900C1C8C7 /* SwipeableView.swift */; };
		0E61DD5522EF78B700C1C8C7 /* SwipeableViewDelegate.swift in Sources */ = {isa = PBXBuildFile; fileRef = 0E61DD5422EF78B700C1C8C7 /* SwipeableViewDelegate.swift */; };
		0E61DD5822EF78BF00C1C8C7 /* SwipeDirection.swift in Sources */ = {isa = PBXBuildFile; fileRef = 0E61DD5722EF78BF00C1C8C7 /* SwipeDirection.swift */; };
		0E61DD5B22EF791200C1C8C7 /* CGRect+SwipeAdditions.swift in Sources */ = {isa = PBXBuildFile; fileRef = 0E61DD5922EF791200C1C8C7 /* CGRect+SwipeAdditions.swift */; };
		0E61DD5C22EF791200C1C8C7 /* CGPoint+SwipeableAdditions.swift in Sources */ = {isa = PBXBuildFile; fileRef = 0E61DD5A22EF791200C1C8C7 /* CGPoint+SwipeableAdditions.swift */; };
		0E61DD5E22EF7D9E00C1C8C7 /* NibView.swift in Sources */ = {isa = PBXBuildFile; fileRef = 0E61DD5D22EF7D9E00C1C8C7 /* NibView.swift */; };
		0E61DD6022EF7E3200C1C8C7 /* SwipeableCardView.swift in Sources */ = {isa = PBXBuildFile; fileRef = 0E61DD5F22EF7E3200C1C8C7 /* SwipeableCardView.swift */; };
		0E61DD6222EF7E4A00C1C8C7 /* SwipeableCardView.xib in Resources */ = {isa = PBXBuildFile; fileRef = 0E61DD6122EF7E4A00C1C8C7 /* SwipeableCardView.xib */; };
		0E61DD6422EF7F2C00C1C8C7 /* SwipeableCardViewContainer.swift in Sources */ = {isa = PBXBuildFile; fileRef = 0E61DD6322EF7F2C00C1C8C7 /* SwipeableCardViewContainer.swift */; };
		0E61DD6722EF7F5D00C1C8C7 /* SwipeableCardViewDelegate.swift in Sources */ = {isa = PBXBuildFile; fileRef = 0E61DD6522EF7F5D00C1C8C7 /* SwipeableCardViewDelegate.swift */; };
		0E61DD6822EF7F5D00C1C8C7 /* SwipeableCardViewDataSource.swift in Sources */ = {isa = PBXBuildFile; fileRef = 0E61DD6622EF7F5D00C1C8C7 /* SwipeableCardViewDataSource.swift */; };
		0E61DD6C22EF8DE300C1C8C7 /* SwipeableCardViewCard.xib in Resources */ = {isa = PBXBuildFile; fileRef = 0E61DD6B22EF8DE200C1C8C7 /* SwipeableCardViewCard.xib */; };
		0E722A8E23579F0500EE206D /* ContentSizedTableView.swift in Sources */ = {isa = PBXBuildFile; fileRef = 0E722A8D23579F0500EE206D /* ContentSizedTableView.swift */; };
		0E722A902357ABE800EE206D /* Globals.swift in Sources */ = {isa = PBXBuildFile; fileRef = 0E722A8F2357ABE800EE206D /* Globals.swift */; };
		0E7AC2B0231EE7C40050E750 /* FirebaseAuthManager.swift in Sources */ = {isa = PBXBuildFile; fileRef = 0E7AC2AF231EE7C40050E750 /* FirebaseAuthManager.swift */; };
		0E7AC2B2231EF4280050E750 /* FacebookLoginManager.swift in Sources */ = {isa = PBXBuildFile; fileRef = 0E7AC2B1231EF4280050E750 /* FacebookLoginManager.swift */; };
		0E7AC2B4231EF5FD0050E750 /* Errors.swift in Sources */ = {isa = PBXBuildFile; fileRef = 0E7AC2B3231EF5FD0050E750 /* Errors.swift */; };
		0E8992402316F3CA00644E1D /* SwipeableCardViewCard.swift in Sources */ = {isa = PBXBuildFile; fileRef = 0E89923F2316F3CA00644E1D /* SwipeableCardViewCard.swift */; };
		0E946F9323353FB7004D6310 /* QuestionViewController.swift in Sources */ = {isa = PBXBuildFile; fileRef = 0E946F9223353FB7004D6310 /* QuestionViewController.swift */; };
		0E9CD42623511277008D6E0F /* UserProfileViewController.swift in Sources */ = {isa = PBXBuildFile; fileRef = 0E9CD42523511277008D6E0F /* UserProfileViewController.swift */; };
		0EAC900C2354FB6700887CE3 /* ProfileQuestionCell.swift in Sources */ = {isa = PBXBuildFile; fileRef = 0EAC900A2354FB6700887CE3 /* ProfileQuestionCell.swift */; };
		0EAC900D2354FB6700887CE3 /* ProfileQuestionCell.xib in Resources */ = {isa = PBXBuildFile; fileRef = 0EAC900B2354FB6700887CE3 /* ProfileQuestionCell.xib */; };
		0EB020CE2335407000462805 /* AnswerTableViewCell.swift in Sources */ = {isa = PBXBuildFile; fileRef = 0EB020CC2335407000462805 /* AnswerTableViewCell.swift */; };
		0EB020CF2335407000462805 /* AnswerTableViewCell.xib in Resources */ = {isa = PBXBuildFile; fileRef = 0EB020CD2335407000462805 /* AnswerTableViewCell.xib */; };
		0ECB79412329818700F99498 /* Registration.storyboard in Resources */ = {isa = PBXBuildFile; fileRef = 0ECB79402329818700F99498 /* Registration.storyboard */; };
		0ECB7943232981C800F99498 /* Feed.storyboard in Resources */ = {isa = PBXBuildFile; fileRef = 0ECB7942232981C800F99498 /* Feed.storyboard */; };
		0ECB7945232981D000F99498 /* Chat.storyboard in Resources */ = {isa = PBXBuildFile; fileRef = 0ECB7944232981D000F99498 /* Chat.storyboard */; };
		0ECB7947232981D500F99498 /* Profile.storyboard in Resources */ = {isa = PBXBuildFile; fileRef = 0ECB7946232981D500F99498 /* Profile.storyboard */; };
		0ED28FFC2346796800267882 /* BiggerTapSizeButton.swift in Sources */ = {isa = PBXBuildFile; fileRef = 0ED28FFB2346796800267882 /* BiggerTapSizeButton.swift */; };
		0ED706FA231C5EBA0039A8DE /* CreateProfileSecondCell.swift in Sources */ = {isa = PBXBuildFile; fileRef = 0ED706F8231C5EBA0039A8DE /* CreateProfileSecondCell.swift */; };
		0ED706FB231C5EBA0039A8DE /* CreateProfileSecondCell.xib in Resources */ = {isa = PBXBuildFile; fileRef = 0ED706F9231C5EBA0039A8DE /* CreateProfileSecondCell.xib */; };
		0EDA134F231D85F700B759C5 /* CustomAnimator.swift in Sources */ = {isa = PBXBuildFile; fileRef = 0EDA134E231D85F700B759C5 /* CustomAnimator.swift */; };
		0EDA1351231DA12E00B759C5 /* CustomInteractor.swift in Sources */ = {isa = PBXBuildFile; fileRef = 0EDA1350231DA12E00B759C5 /* CustomInteractor.swift */; };
		0EDA1353231DA25400B759C5 /* UIViewControllerExtension.swift in Sources */ = {isa = PBXBuildFile; fileRef = 0EDA1352231DA25400B759C5 /* UIViewControllerExtension.swift */; };
		0EDA1355231DAE7900B759C5 /* UIStoryboardExtension.swift in Sources */ = {isa = PBXBuildFile; fileRef = 0EDA1354231DAE7900B759C5 /* UIStoryboardExtension.swift */; };
		0EFA552C2303080A0000E6F6 /* Question.swift in Sources */ = {isa = PBXBuildFile; fileRef = 0EFA552B2303080A0000E6F6 /* Question.swift */; };
		0EFA552E2303081A0000E6F6 /* UTUser.swift in Sources */ = {isa = PBXBuildFile; fileRef = 0EFA552D2303081A0000E6F6 /* UTUser.swift */; };
		0EFA5530230308260000E6F6 /* Answer.swift in Sources */ = {isa = PBXBuildFile; fileRef = 0EFA552F230308260000E6F6 /* Answer.swift */; };
		0EFA55322303121B0000E6F6 /* DateExtension.swift in Sources */ = {isa = PBXBuildFile; fileRef = 0EFA55312303121B0000E6F6 /* DateExtension.swift */; };
		0EFC0AEE22F5CD1D00DC8BBD /* UTAnswerTextField.swift in Sources */ = {isa = PBXBuildFile; fileRef = 0EFC0AED22F5CD1D00DC8BBD /* UTAnswerTextField.swift */; };
		0EFF24F7230DE2F6006F4A8E /* ProfileViewController.swift in Sources */ = {isa = PBXBuildFile; fileRef = 0EFF24F6230DE2F6006F4A8E /* ProfileViewController.swift */; };
		0EFF6DA322F73CE000A6A76B /* UILabelExtension.swift in Sources */ = {isa = PBXBuildFile; fileRef = 0EFF6DA222F73CE000A6A76B /* UILabelExtension.swift */; };
		0EFF6DA522F750F900A6A76B /* NSNotificationExtension.swift in Sources */ = {isa = PBXBuildFile; fileRef = 0EFF6DA422F750F900A6A76B /* NSNotificationExtension.swift */; };
		0EFF6DA722F7523900A6A76B /* Constants.swift in Sources */ = {isa = PBXBuildFile; fileRef = 0EFF6DA622F7523900A6A76B /* Constants.swift */; };
		9BEF1F06E29B66E1012EF409 /* Pods_Untind.framework in Frameworks */ = {isa = PBXBuildFile; fileRef = F4B0F3E6FBF9FC7F0EAF9164 /* Pods_Untind.framework */; };
		9D7472092E23377E3094DD16 /* Pods_UntindUITests.framework in Frameworks */ = {isa = PBXBuildFile; fileRef = B9EC78CED775F210243AE468 /* Pods_UntindUITests.framework */; };
		B0DDED9204B14A0D7F50C79B /* Pods_UntindTests.framework in Frameworks */ = {isa = PBXBuildFile; fileRef = 11EE0AE1F6BF96288417DC38 /* Pods_UntindTests.framework */; };
		F777227A239AA352000E7CA8 /* Date.swift in Sources */ = {isa = PBXBuildFile; fileRef = F7772279239AA352000E7CA8 /* Date.swift */; };
		F7DB9DC823228C1C0007CD42 /* UIAlertControllerExtension.swift in Sources */ = {isa = PBXBuildFile; fileRef = F7DB9DC723228C1C0007CD42 /* UIAlertControllerExtension.swift */; };
/* End PBXBuildFile section */

/* Begin PBXContainerItemProxy section */
		0E17A39722EC8DF600390BA5 /* PBXContainerItemProxy */ = {
			isa = PBXContainerItemProxy;
			containerPortal = 0E17A37A22EC8DF500390BA5 /* Project object */;
			proxyType = 1;
			remoteGlobalIDString = 0E17A38122EC8DF500390BA5;
			remoteInfo = Untind;
		};
		0E17A3A222EC8DF600390BA5 /* PBXContainerItemProxy */ = {
			isa = PBXContainerItemProxy;
			containerPortal = 0E17A37A22EC8DF500390BA5 /* Project object */;
			proxyType = 1;
			remoteGlobalIDString = 0E17A38122EC8DF500390BA5;
			remoteInfo = Untind;
		};
/* End PBXContainerItemProxy section */

/* Begin PBXFileReference section */
		0E060C36235667FE00E00251 /* ReportUserPopup.swift */ = {isa = PBXFileReference; lastKnownFileType = sourcecode.swift; path = ReportUserPopup.swift; sourceTree = "<group>"; };
		0E060C392356688D00E00251 /* ReportReasonCell.swift */ = {isa = PBXFileReference; lastKnownFileType = sourcecode.swift; path = ReportReasonCell.swift; sourceTree = "<group>"; };
		0E068A4522FB520E00A9BDE9 /* MyAnswersTableViewCell.swift */ = {isa = PBXFileReference; lastKnownFileType = sourcecode.swift; path = MyAnswersTableViewCell.swift; sourceTree = "<group>"; };
		0E068A4622FB520E00A9BDE9 /* MyAnswersTableViewCell.xib */ = {isa = PBXFileReference; lastKnownFileType = file.xib; path = MyAnswersTableViewCell.xib; sourceTree = "<group>"; };
		0E068A4922FB558F00A9BDE9 /* AnswersContainerCell.swift */ = {isa = PBXFileReference; lastKnownFileType = sourcecode.swift; path = AnswersContainerCell.swift; sourceTree = "<group>"; };
		0E068A4A22FB558F00A9BDE9 /* MyAnswersContainerCell.xib */ = {isa = PBXFileReference; lastKnownFileType = file.xib; path = MyAnswersContainerCell.xib; sourceTree = "<group>"; };
		0E079B542396E4E4004B1D7B /* ChatInputAccesoryView.swift */ = {isa = PBXFileReference; lastKnownFileType = sourcecode.swift; name = ChatInputAccesoryView.swift; path = Untind/Extensions/ChatInputAccesoryView.swift; sourceTree = SOURCE_ROOT; };
		0E09534C2310636600326172 /* WriteQuestionViewController.swift */ = {isa = PBXFileReference; lastKnownFileType = sourcecode.swift; path = WriteQuestionViewController.swift; sourceTree = "<group>"; };
		0E09534E231069CA00326172 /* AddQuestionController.swift */ = {isa = PBXFileReference; lastKnownFileType = sourcecode.swift; path = AddQuestionController.swift; sourceTree = "<group>"; };
		0E0E045C2319C47200979E03 /* UTPageControl.swift */ = {isa = PBXFileReference; lastKnownFileType = sourcecode.swift; path = UTPageControl.swift; sourceTree = "<group>"; };
		0E10DACD23873050001F89CD /* MessageCell.swift */ = {isa = PBXFileReference; lastKnownFileType = sourcecode.swift; path = MessageCell.swift; sourceTree = "<group>"; };
		0E1291972399AF86001D1470 /* StringExtension.swift */ = {isa = PBXFileReference; lastKnownFileType = sourcecode.swift; path = StringExtension.swift; sourceTree = "<group>"; };
		0E1291992399B4E2001D1470 /* CharacterExtension.swift */ = {isa = PBXFileReference; lastKnownFileType = sourcecode.swift; path = CharacterExtension.swift; sourceTree = "<group>"; };
		0E14BF3E237C922400E25880 /* ChatViewController.swift */ = {isa = PBXFileReference; lastKnownFileType = sourcecode.swift; path = ChatViewController.swift; sourceTree = "<group>"; };
		0E15661E23982C26004A1FD5 /* UIFontExtension.swift */ = {isa = PBXFileReference; lastKnownFileType = sourcecode.swift; path = UIFontExtension.swift; sourceTree = "<group>"; };
		0E17A38222EC8DF500390BA5 /* Untind.app */ = {isa = PBXFileReference; explicitFileType = wrapper.application; includeInIndex = 0; path = Untind.app; sourceTree = BUILT_PRODUCTS_DIR; };
		0E17A38522EC8DF500390BA5 /* AppDelegate.swift */ = {isa = PBXFileReference; lastKnownFileType = sourcecode.swift; path = AppDelegate.swift; sourceTree = "<group>"; };
		0E17A38722EC8DF500390BA5 /* OnboardingViewController.swift */ = {isa = PBXFileReference; lastKnownFileType = sourcecode.swift; path = OnboardingViewController.swift; sourceTree = "<group>"; };
		0E17A38A22EC8DF500390BA5 /* Base */ = {isa = PBXFileReference; lastKnownFileType = file.storyboard; name = Base; path = Base.lproj/Main.storyboard; sourceTree = "<group>"; };
		0E17A38C22EC8DF600390BA5 /* Assets.xcassets */ = {isa = PBXFileReference; lastKnownFileType = folder.assetcatalog; path = Assets.xcassets; sourceTree = "<group>"; };
		0E17A38F22EC8DF600390BA5 /* Base */ = {isa = PBXFileReference; lastKnownFileType = file.storyboard; name = Base; path = Base.lproj/LaunchScreen.storyboard; sourceTree = "<group>"; };
		0E17A39122EC8DF600390BA5 /* Info.plist */ = {isa = PBXFileReference; lastKnownFileType = text.plist.xml; path = Info.plist; sourceTree = "<group>"; };
		0E17A39622EC8DF600390BA5 /* UntindTests.xctest */ = {isa = PBXFileReference; explicitFileType = wrapper.cfbundle; includeInIndex = 0; path = UntindTests.xctest; sourceTree = BUILT_PRODUCTS_DIR; };
		0E17A39A22EC8DF600390BA5 /* UntindTests.swift */ = {isa = PBXFileReference; lastKnownFileType = sourcecode.swift; path = UntindTests.swift; sourceTree = "<group>"; };
		0E17A39C22EC8DF600390BA5 /* Info.plist */ = {isa = PBXFileReference; lastKnownFileType = text.plist.xml; path = Info.plist; sourceTree = "<group>"; };
		0E17A3A122EC8DF600390BA5 /* UntindUITests.xctest */ = {isa = PBXFileReference; explicitFileType = wrapper.cfbundle; includeInIndex = 0; path = UntindUITests.xctest; sourceTree = BUILT_PRODUCTS_DIR; };
		0E17A3A522EC8DF600390BA5 /* UntindUITests.swift */ = {isa = PBXFileReference; lastKnownFileType = sourcecode.swift; path = UntindUITests.swift; sourceTree = "<group>"; };
		0E17A3A722EC8DF600390BA5 /* Info.plist */ = {isa = PBXFileReference; lastKnownFileType = text.plist.xml; path = Info.plist; sourceTree = "<group>"; };
		0E17A3B722EC9A3F00390BA5 /* UIColorExtension.swift */ = {isa = PBXFileReference; lastKnownFileType = sourcecode.swift; path = UIColorExtension.swift; sourceTree = "<group>"; };
		0E17A3BA22EC9E7D00390BA5 /* GOTHICB.TTF */ = {isa = PBXFileReference; lastKnownFileType = file; path = GOTHICB.TTF; sourceTree = "<group>"; };
		0E1C8B3922F9EDBD0011A5D7 /* MyQuestionsViewController.swift */ = {isa = PBXFileReference; lastKnownFileType = sourcecode.swift; path = MyQuestionsViewController.swift; sourceTree = "<group>"; };
		0E1C8B3C22F9FD3A0011A5D7 /* MyQuestionsCollectionViewCell.swift */ = {isa = PBXFileReference; lastKnownFileType = sourcecode.swift; path = MyQuestionsCollectionViewCell.swift; sourceTree = "<group>"; };
		0E1C8B3D22F9FD3A0011A5D7 /* MyQuestionsCollectionViewCell.xib */ = {isa = PBXFileReference; lastKnownFileType = file.xib; path = MyQuestionsCollectionViewCell.xib; sourceTree = "<group>"; };
		0E1C8B4022FA00A80011A5D7 /* MyQuestionsContainerCell.swift */ = {isa = PBXFileReference; lastKnownFileType = sourcecode.swift; path = MyQuestionsContainerCell.swift; sourceTree = "<group>"; };
		0E1C8B4122FA00A80011A5D7 /* MyQuestionsContainerCell.xib */ = {isa = PBXFileReference; lastKnownFileType = file.xib; path = MyQuestionsContainerCell.xib; sourceTree = "<group>"; };
		0E1EA6D6239ED98100147B88 /* UTMessage.swift */ = {isa = PBXFileReference; lastKnownFileType = sourcecode.swift; path = UTMessage.swift; sourceTree = "<group>"; };
		0E22593E238332EC009E6C24 /* Message.swift */ = {isa = PBXFileReference; lastKnownFileType = sourcecode.swift; path = Message.swift; sourceTree = "<group>"; };
		0E22594123833710009E6C24 /* VerticallyCenteredTextView.swift */ = {isa = PBXFileReference; lastKnownFileType = sourcecode.swift; path = VerticallyCenteredTextView.swift; sourceTree = "<group>"; };
		0E3BE69F2314490100746E90 /* VerticalAlignLabel.swift */ = {isa = PBXFileReference; lastKnownFileType = sourcecode.swift; path = VerticalAlignLabel.swift; sourceTree = "<group>"; };
		0E416C0F231993B700EA3CA7 /* UTLoginTextView.swift */ = {isa = PBXFileReference; lastKnownFileType = sourcecode.swift; path = UTLoginTextView.swift; sourceTree = "<group>"; };
		0E416C1123199B7C00EA3CA7 /* SignInViewController.swift */ = {isa = PBXFileReference; lastKnownFileType = sourcecode.swift; path = SignInViewController.swift; sourceTree = "<group>"; };
		0E416C132319AEF600EA3CA7 /* SignUpViewController.swift */ = {isa = PBXFileReference; lastKnownFileType = sourcecode.swift; path = SignUpViewController.swift; sourceTree = "<group>"; };
		0E416C152319BAD000EA3CA7 /* CreateProfileViewController.swift */ = {isa = PBXFileReference; lastKnownFileType = sourcecode.swift; path = CreateProfileViewController.swift; sourceTree = "<group>"; };
		0E416C172319BBA500EA3CA7 /* CreateProfileFirstCell.swift */ = {isa = PBXFileReference; lastKnownFileType = sourcecode.swift; path = CreateProfileFirstCell.swift; sourceTree = "<group>"; };
		0E416C182319BBA500EA3CA7 /* CreateProfileFirstCell.xib */ = {isa = PBXFileReference; lastKnownFileType = file.xib; path = CreateProfileFirstCell.xib; sourceTree = "<group>"; };
		0E468F752356540800C671AE /* ProfileAnswerCell.swift */ = {isa = PBXFileReference; lastKnownFileType = sourcecode.swift; path = ProfileAnswerCell.swift; sourceTree = "<group>"; };
		0E468F762356540800C671AE /* ProfileAnswerCell.xib */ = {isa = PBXFileReference; lastKnownFileType = file.xib; path = ProfileAnswerCell.xib; sourceTree = "<group>"; };
		0E468F79235661EC00C671AE /* Popups.storyboard */ = {isa = PBXFileReference; lastKnownFileType = file.storyboard; path = Popups.storyboard; sourceTree = "<group>"; };
		0E47592C22EDE7E900B2DE82 /* GoogleService-Info.plist */ = {isa = PBXFileReference; fileEncoding = 4; lastKnownFileType = text.plist.xml; path = "GoogleService-Info.plist"; sourceTree = "<group>"; };
		0E47592E22EDF0F300B2DE82 /* TabBarViewController.swift */ = {isa = PBXFileReference; lastKnownFileType = sourcecode.swift; path = TabBarViewController.swift; sourceTree = "<group>"; };
		0E47593122EDF37600B2DE82 /* UITabBarButton.swift */ = {isa = PBXFileReference; lastKnownFileType = sourcecode.swift; path = UITabBarButton.swift; sourceTree = "<group>"; };
		0E47593322EDFCD600B2DE82 /* UIImageExtension.swift */ = {isa = PBXFileReference; lastKnownFileType = sourcecode.swift; path = UIImageExtension.swift; sourceTree = "<group>"; };
		0E47593522EE18E100B2DE82 /* TabBarCircleView.swift */ = {isa = PBXFileReference; lastKnownFileType = sourcecode.swift; path = TabBarCircleView.swift; sourceTree = "<group>"; };
		0E47593722EE1AE500B2DE82 /* UIViewExtension.swift */ = {isa = PBXFileReference; lastKnownFileType = sourcecode.swift; path = UIViewExtension.swift; sourceTree = "<group>"; };
		0E47593922EE1E4400B2DE82 /* FeedViewController.swift */ = {isa = PBXFileReference; lastKnownFileType = sourcecode.swift; path = FeedViewController.swift; sourceTree = "<group>"; };
		0E5132B12347BC160035C959 /* AddQuestionCollectionViewCell.swift */ = {isa = PBXFileReference; lastKnownFileType = sourcecode.swift; path = AddQuestionCollectionViewCell.swift; sourceTree = "<group>"; };
		0E5132B22347BC160035C959 /* AddQuestionCollectionViewCell.xib */ = {isa = PBXFileReference; lastKnownFileType = file.xib; path = AddQuestionCollectionViewCell.xib; sourceTree = "<group>"; };
		0E5EC81922F37669003C8C73 /* CALayerExtension.swift */ = {isa = PBXFileReference; lastKnownFileType = sourcecode.swift; path = CALayerExtension.swift; sourceTree = "<group>"; };
		0E5EC81B22F38A9A003C8C73 /* ShadowUIView.swift */ = {isa = PBXFileReference; lastKnownFileType = sourcecode.swift; path = ShadowUIView.swift; sourceTree = "<group>"; };
		0E60045323720F0400BCB4F4 /* VoteButton.swift */ = {isa = PBXFileReference; lastKnownFileType = sourcecode.swift; path = VoteButton.swift; sourceTree = "<group>"; };
		0E61DD5122EF77F900C1C8C7 /* SwipeableView.swift */ = {isa = PBXFileReference; fileEncoding = 4; lastKnownFileType = sourcecode.swift; path = SwipeableView.swift; sourceTree = "<group>"; };
		0E61DD5422EF78B700C1C8C7 /* SwipeableViewDelegate.swift */ = {isa = PBXFileReference; fileEncoding = 4; lastKnownFileType = sourcecode.swift; path = SwipeableViewDelegate.swift; sourceTree = "<group>"; };
		0E61DD5722EF78BF00C1C8C7 /* SwipeDirection.swift */ = {isa = PBXFileReference; fileEncoding = 4; lastKnownFileType = sourcecode.swift; path = SwipeDirection.swift; sourceTree = "<group>"; };
		0E61DD5922EF791200C1C8C7 /* CGRect+SwipeAdditions.swift */ = {isa = PBXFileReference; fileEncoding = 4; lastKnownFileType = sourcecode.swift; path = "CGRect+SwipeAdditions.swift"; sourceTree = "<group>"; };
		0E61DD5A22EF791200C1C8C7 /* CGPoint+SwipeableAdditions.swift */ = {isa = PBXFileReference; fileEncoding = 4; lastKnownFileType = sourcecode.swift; path = "CGPoint+SwipeableAdditions.swift"; sourceTree = "<group>"; };
		0E61DD5D22EF7D9E00C1C8C7 /* NibView.swift */ = {isa = PBXFileReference; fileEncoding = 4; lastKnownFileType = sourcecode.swift; path = NibView.swift; sourceTree = "<group>"; };
		0E61DD5F22EF7E3200C1C8C7 /* SwipeableCardView.swift */ = {isa = PBXFileReference; lastKnownFileType = sourcecode.swift; path = SwipeableCardView.swift; sourceTree = "<group>"; };
		0E61DD6122EF7E4A00C1C8C7 /* SwipeableCardView.xib */ = {isa = PBXFileReference; lastKnownFileType = file.xib; path = SwipeableCardView.xib; sourceTree = "<group>"; };
		0E61DD6322EF7F2C00C1C8C7 /* SwipeableCardViewContainer.swift */ = {isa = PBXFileReference; fileEncoding = 4; lastKnownFileType = sourcecode.swift; path = SwipeableCardViewContainer.swift; sourceTree = "<group>"; };
		0E61DD6522EF7F5D00C1C8C7 /* SwipeableCardViewDelegate.swift */ = {isa = PBXFileReference; fileEncoding = 4; lastKnownFileType = sourcecode.swift; path = SwipeableCardViewDelegate.swift; sourceTree = "<group>"; };
		0E61DD6622EF7F5D00C1C8C7 /* SwipeableCardViewDataSource.swift */ = {isa = PBXFileReference; fileEncoding = 4; lastKnownFileType = sourcecode.swift; path = SwipeableCardViewDataSource.swift; sourceTree = "<group>"; };
		0E61DD6B22EF8DE200C1C8C7 /* SwipeableCardViewCard.xib */ = {isa = PBXFileReference; fileEncoding = 4; lastKnownFileType = file.xib; path = SwipeableCardViewCard.xib; sourceTree = "<group>"; };
		0E722A8D23579F0500EE206D /* ContentSizedTableView.swift */ = {isa = PBXFileReference; lastKnownFileType = sourcecode.swift; path = ContentSizedTableView.swift; sourceTree = "<group>"; };
		0E722A8F2357ABE800EE206D /* Globals.swift */ = {isa = PBXFileReference; lastKnownFileType = sourcecode.swift; path = Globals.swift; sourceTree = "<group>"; };
		0E7AC2AF231EE7C40050E750 /* FirebaseAuthManager.swift */ = {isa = PBXFileReference; lastKnownFileType = sourcecode.swift; path = FirebaseAuthManager.swift; sourceTree = "<group>"; };
		0E7AC2B1231EF4280050E750 /* FacebookLoginManager.swift */ = {isa = PBXFileReference; lastKnownFileType = sourcecode.swift; path = FacebookLoginManager.swift; sourceTree = "<group>"; };
		0E7AC2B3231EF5FD0050E750 /* Errors.swift */ = {isa = PBXFileReference; lastKnownFileType = sourcecode.swift; path = Errors.swift; sourceTree = "<group>"; };
		0E89923F2316F3CA00644E1D /* SwipeableCardViewCard.swift */ = {isa = PBXFileReference; fileEncoding = 4; lastKnownFileType = sourcecode.swift; path = SwipeableCardViewCard.swift; sourceTree = "<group>"; };
		0E946F9223353FB7004D6310 /* QuestionViewController.swift */ = {isa = PBXFileReference; lastKnownFileType = sourcecode.swift; path = QuestionViewController.swift; sourceTree = "<group>"; };
		0E9CD42523511277008D6E0F /* UserProfileViewController.swift */ = {isa = PBXFileReference; lastKnownFileType = sourcecode.swift; path = UserProfileViewController.swift; sourceTree = "<group>"; };
		0EAC900A2354FB6700887CE3 /* ProfileQuestionCell.swift */ = {isa = PBXFileReference; lastKnownFileType = sourcecode.swift; path = ProfileQuestionCell.swift; sourceTree = "<group>"; };
		0EAC900B2354FB6700887CE3 /* ProfileQuestionCell.xib */ = {isa = PBXFileReference; lastKnownFileType = file.xib; path = ProfileQuestionCell.xib; sourceTree = "<group>"; };
		0EB020CC2335407000462805 /* AnswerTableViewCell.swift */ = {isa = PBXFileReference; lastKnownFileType = sourcecode.swift; path = AnswerTableViewCell.swift; sourceTree = "<group>"; };
		0EB020CD2335407000462805 /* AnswerTableViewCell.xib */ = {isa = PBXFileReference; lastKnownFileType = file.xib; path = AnswerTableViewCell.xib; sourceTree = "<group>"; };
		0ECB79402329818700F99498 /* Registration.storyboard */ = {isa = PBXFileReference; lastKnownFileType = file.storyboard; path = Registration.storyboard; sourceTree = "<group>"; };
		0ECB7942232981C800F99498 /* Feed.storyboard */ = {isa = PBXFileReference; lastKnownFileType = file.storyboard; path = Feed.storyboard; sourceTree = "<group>"; };
		0ECB7944232981D000F99498 /* Chat.storyboard */ = {isa = PBXFileReference; lastKnownFileType = file.storyboard; path = Chat.storyboard; sourceTree = "<group>"; };
		0ECB7946232981D500F99498 /* Profile.storyboard */ = {isa = PBXFileReference; lastKnownFileType = file.storyboard; path = Profile.storyboard; sourceTree = "<group>"; };
		0ED28FFB2346796800267882 /* BiggerTapSizeButton.swift */ = {isa = PBXFileReference; lastKnownFileType = sourcecode.swift; path = BiggerTapSizeButton.swift; sourceTree = "<group>"; };
		0ED706F8231C5EBA0039A8DE /* CreateProfileSecondCell.swift */ = {isa = PBXFileReference; lastKnownFileType = sourcecode.swift; path = CreateProfileSecondCell.swift; sourceTree = "<group>"; };
		0ED706F9231C5EBA0039A8DE /* CreateProfileSecondCell.xib */ = {isa = PBXFileReference; lastKnownFileType = file.xib; path = CreateProfileSecondCell.xib; sourceTree = "<group>"; };
		0EDA134E231D85F700B759C5 /* CustomAnimator.swift */ = {isa = PBXFileReference; lastKnownFileType = sourcecode.swift; path = CustomAnimator.swift; sourceTree = "<group>"; };
		0EDA1350231DA12E00B759C5 /* CustomInteractor.swift */ = {isa = PBXFileReference; lastKnownFileType = sourcecode.swift; path = CustomInteractor.swift; sourceTree = "<group>"; };
		0EDA1352231DA25400B759C5 /* UIViewControllerExtension.swift */ = {isa = PBXFileReference; lastKnownFileType = sourcecode.swift; path = UIViewControllerExtension.swift; sourceTree = "<group>"; };
		0EDA1354231DAE7900B759C5 /* UIStoryboardExtension.swift */ = {isa = PBXFileReference; lastKnownFileType = sourcecode.swift; path = UIStoryboardExtension.swift; sourceTree = "<group>"; };
		0EFA552B2303080A0000E6F6 /* Question.swift */ = {isa = PBXFileReference; lastKnownFileType = sourcecode.swift; path = Question.swift; sourceTree = "<group>"; };
		0EFA552D2303081A0000E6F6 /* UTUser.swift */ = {isa = PBXFileReference; lastKnownFileType = sourcecode.swift; path = UTUser.swift; sourceTree = "<group>"; };
		0EFA552F230308260000E6F6 /* Answer.swift */ = {isa = PBXFileReference; lastKnownFileType = sourcecode.swift; path = Answer.swift; sourceTree = "<group>"; };
		0EFA55312303121B0000E6F6 /* DateExtension.swift */ = {isa = PBXFileReference; lastKnownFileType = sourcecode.swift; path = DateExtension.swift; sourceTree = "<group>"; };
		0EFC0AED22F5CD1D00DC8BBD /* UTAnswerTextField.swift */ = {isa = PBXFileReference; lastKnownFileType = sourcecode.swift; path = UTAnswerTextField.swift; sourceTree = "<group>"; };
		0EFF24F6230DE2F6006F4A8E /* ProfileViewController.swift */ = {isa = PBXFileReference; lastKnownFileType = sourcecode.swift; path = ProfileViewController.swift; sourceTree = "<group>"; };
		0EFF6DA222F73CE000A6A76B /* UILabelExtension.swift */ = {isa = PBXFileReference; lastKnownFileType = sourcecode.swift; path = UILabelExtension.swift; sourceTree = "<group>"; };
		0EFF6DA422F750F900A6A76B /* NSNotificationExtension.swift */ = {isa = PBXFileReference; lastKnownFileType = sourcecode.swift; path = NSNotificationExtension.swift; sourceTree = "<group>"; };
		0EFF6DA622F7523900A6A76B /* Constants.swift */ = {isa = PBXFileReference; lastKnownFileType = sourcecode.swift; path = Constants.swift; sourceTree = "<group>"; };
		11EE0AE1F6BF96288417DC38 /* Pods_UntindTests.framework */ = {isa = PBXFileReference; explicitFileType = wrapper.framework; includeInIndex = 0; path = Pods_UntindTests.framework; sourceTree = BUILT_PRODUCTS_DIR; };
		1304353B4B53B382BC0262C3 /* Pods-Untind.release.xcconfig */ = {isa = PBXFileReference; includeInIndex = 1; lastKnownFileType = text.xcconfig; name = "Pods-Untind.release.xcconfig"; path = "Target Support Files/Pods-Untind/Pods-Untind.release.xcconfig"; sourceTree = "<group>"; };
		25C1EEBC1C73143988562697 /* Pods-UntindUITests.release.xcconfig */ = {isa = PBXFileReference; includeInIndex = 1; lastKnownFileType = text.xcconfig; name = "Pods-UntindUITests.release.xcconfig"; path = "Target Support Files/Pods-UntindUITests/Pods-UntindUITests.release.xcconfig"; sourceTree = "<group>"; };
		767802DA078BB1FE50658503 /* Pods-UntindTests.release.xcconfig */ = {isa = PBXFileReference; includeInIndex = 1; lastKnownFileType = text.xcconfig; name = "Pods-UntindTests.release.xcconfig"; path = "Target Support Files/Pods-UntindTests/Pods-UntindTests.release.xcconfig"; sourceTree = "<group>"; };
		7D580765A1EEC803E58134AA /* Pods-UntindTests.debug.xcconfig */ = {isa = PBXFileReference; includeInIndex = 1; lastKnownFileType = text.xcconfig; name = "Pods-UntindTests.debug.xcconfig"; path = "Target Support Files/Pods-UntindTests/Pods-UntindTests.debug.xcconfig"; sourceTree = "<group>"; };
		918011EDAD2926EE8922FED2 /* Pods-UntindUITests.debug.xcconfig */ = {isa = PBXFileReference; includeInIndex = 1; lastKnownFileType = text.xcconfig; name = "Pods-UntindUITests.debug.xcconfig"; path = "Target Support Files/Pods-UntindUITests/Pods-UntindUITests.debug.xcconfig"; sourceTree = "<group>"; };
		B9EC78CED775F210243AE468 /* Pods_UntindUITests.framework */ = {isa = PBXFileReference; explicitFileType = wrapper.framework; includeInIndex = 0; path = Pods_UntindUITests.framework; sourceTree = BUILT_PRODUCTS_DIR; };
		D2CAD022DE78A7E39AB5B51C /* Pods-Untind.debug.xcconfig */ = {isa = PBXFileReference; includeInIndex = 1; lastKnownFileType = text.xcconfig; name = "Pods-Untind.debug.xcconfig"; path = "Target Support Files/Pods-Untind/Pods-Untind.debug.xcconfig"; sourceTree = "<group>"; };
		F4B0F3E6FBF9FC7F0EAF9164 /* Pods_Untind.framework */ = {isa = PBXFileReference; explicitFileType = wrapper.framework; includeInIndex = 0; path = Pods_Untind.framework; sourceTree = BUILT_PRODUCTS_DIR; };
		F7772279239AA352000E7CA8 /* Date.swift */ = {isa = PBXFileReference; lastKnownFileType = sourcecode.swift; path = Date.swift; sourceTree = "<group>"; };
		F7DB9DC723228C1C0007CD42 /* UIAlertControllerExtension.swift */ = {isa = PBXFileReference; lastKnownFileType = sourcecode.swift; path = UIAlertControllerExtension.swift; sourceTree = "<group>"; };
/* End PBXFileReference section */

/* Begin PBXFrameworksBuildPhase section */
		0E17A37F22EC8DF500390BA5 /* Frameworks */ = {
			isa = PBXFrameworksBuildPhase;
			buildActionMask = 2147483647;
			files = (
				9BEF1F06E29B66E1012EF409 /* Pods_Untind.framework in Frameworks */,
			);
			runOnlyForDeploymentPostprocessing = 0;
		};
		0E17A39322EC8DF600390BA5 /* Frameworks */ = {
			isa = PBXFrameworksBuildPhase;
			buildActionMask = 2147483647;
			files = (
				B0DDED9204B14A0D7F50C79B /* Pods_UntindTests.framework in Frameworks */,
			);
			runOnlyForDeploymentPostprocessing = 0;
		};
		0E17A39E22EC8DF600390BA5 /* Frameworks */ = {
			isa = PBXFrameworksBuildPhase;
			buildActionMask = 2147483647;
			files = (
				9D7472092E23377E3094DD16 /* Pods_UntindUITests.framework in Frameworks */,
			);
			runOnlyForDeploymentPostprocessing = 0;
		};
/* End PBXFrameworksBuildPhase section */

/* Begin PBXGroup section */
		0E060C35235667EC00E00251 /* Pop-ups */ = {
			isa = PBXGroup;
			children = (
				0E060C36235667FE00E00251 /* ReportUserPopup.swift */,
			);
			path = "Pop-ups";
			sourceTree = "<group>";
		};
		0E060C382356687A00E00251 /* Popups */ = {
			isa = PBXGroup;
			children = (
				0E060C392356688D00E00251 /* ReportReasonCell.swift */,
			);
			path = Popups;
			sourceTree = "<group>";
		};
		0E14BF3D237C920E00E25880 /* Chat */ = {
			isa = PBXGroup;
			children = (
				0E14BF3E237C922400E25880 /* ChatViewController.swift */,
			);
			path = Chat;
			sourceTree = "<group>";
		};
		0E17A37922EC8DF500390BA5 = {
			isa = PBXGroup;
			children = (
				0E17A38422EC8DF500390BA5 /* Untind */,
				0E17A39922EC8DF600390BA5 /* UntindTests */,
				0E17A3A422EC8DF600390BA5 /* UntindUITests */,
				0E17A38322EC8DF500390BA5 /* Products */,
				803CFFF63201180656C2D759 /* Pods */,
				8A1CA5D73FF536F47A3AF4DE /* Frameworks */,
			);
			sourceTree = "<group>";
		};
		0E17A38322EC8DF500390BA5 /* Products */ = {
			isa = PBXGroup;
			children = (
				0E17A38222EC8DF500390BA5 /* Untind.app */,
				0E17A39622EC8DF600390BA5 /* UntindTests.xctest */,
				0E17A3A122EC8DF600390BA5 /* UntindUITests.xctest */,
			);
			name = Products;
			sourceTree = "<group>";
		};
		0E17A38422EC8DF500390BA5 /* Untind */ = {
			isa = PBXGroup;
			children = (
				0EDA134D231D85DF00B759C5 /* Helpers */,
				0E17A3B522EC8E4700390BA5 /* Assets */,
				0E47593022EDF32700B2DE82 /* Custom Views */,
				0E17A3B422EC8E3A00390BA5 /* Storyboards */,
				0E17A3B322EC8E3400390BA5 /* View Controllers */,
				0E7AC2AE231EE7B60050E750 /* Managers */,
				0EFA552A230307F60000E6F6 /* Models */,
				0E17A3B622EC9A3100390BA5 /* Extensions */,
				0E17A38522EC8DF500390BA5 /* AppDelegate.swift */,
				0E17A39122EC8DF600390BA5 /* Info.plist */,
				0E47592C22EDE7E900B2DE82 /* GoogleService-Info.plist */,
				0EFF6DA622F7523900A6A76B /* Constants.swift */,
				0E722A8F2357ABE800EE206D /* Globals.swift */,
			);
			path = Untind;
			sourceTree = "<group>";
		};
		0E17A39922EC8DF600390BA5 /* UntindTests */ = {
			isa = PBXGroup;
			children = (
				0E17A39A22EC8DF600390BA5 /* UntindTests.swift */,
				0E17A39C22EC8DF600390BA5 /* Info.plist */,
			);
			path = UntindTests;
			sourceTree = "<group>";
		};
		0E17A3A422EC8DF600390BA5 /* UntindUITests */ = {
			isa = PBXGroup;
			children = (
				0E17A3A522EC8DF600390BA5 /* UntindUITests.swift */,
				0E17A3A722EC8DF600390BA5 /* Info.plist */,
			);
			path = UntindUITests;
			sourceTree = "<group>";
		};
		0E17A3B322EC8E3400390BA5 /* View Controllers */ = {
			isa = PBXGroup;
			children = (
				0E14BF3D237C920E00E25880 /* Chat */,
				0E060C35235667EC00E00251 /* Pop-ups */,
				0E9CD42423511264008D6E0F /* Profile */,
				0E946F9123353FA1004D6310 /* Feed */,
				0E17A38722EC8DF500390BA5 /* OnboardingViewController.swift */,
				0E47592E22EDF0F300B2DE82 /* TabBarViewController.swift */,
				0E1C8B3922F9EDBD0011A5D7 /* MyQuestionsViewController.swift */,
				0EFF24F6230DE2F6006F4A8E /* ProfileViewController.swift */,
				0E09534C2310636600326172 /* WriteQuestionViewController.swift */,
				0E09534E231069CA00326172 /* AddQuestionController.swift */,
				0E416C1123199B7C00EA3CA7 /* SignInViewController.swift */,
				0E416C132319AEF600EA3CA7 /* SignUpViewController.swift */,
				0E416C152319BAD000EA3CA7 /* CreateProfileViewController.swift */,
			);
			path = "View Controllers";
			sourceTree = "<group>";
		};
		0E17A3B422EC8E3A00390BA5 /* Storyboards */ = {
			isa = PBXGroup;
			children = (
				0E17A38922EC8DF500390BA5 /* Main.storyboard */,
				0E17A38E22EC8DF600390BA5 /* LaunchScreen.storyboard */,
				0ECB79402329818700F99498 /* Registration.storyboard */,
				0ECB7942232981C800F99498 /* Feed.storyboard */,
				0ECB7944232981D000F99498 /* Chat.storyboard */,
				0ECB7946232981D500F99498 /* Profile.storyboard */,
				0E468F79235661EC00C671AE /* Popups.storyboard */,
			);
			path = Storyboards;
			sourceTree = "<group>";
		};
		0E17A3B522EC8E4700390BA5 /* Assets */ = {
			isa = PBXGroup;
			children = (
				0E17A3B922EC9E5500390BA5 /* Fonts */,
				0E17A38C22EC8DF600390BA5 /* Assets.xcassets */,
			);
			path = Assets;
			sourceTree = "<group>";
		};
		0E17A3B622EC9A3100390BA5 /* Extensions */ = {
			isa = PBXGroup;
			children = (
				0E61DD5A22EF791200C1C8C7 /* CGPoint+SwipeableAdditions.swift */,
				0E61DD5922EF791200C1C8C7 /* CGRect+SwipeAdditions.swift */,
				0E17A3B722EC9A3F00390BA5 /* UIColorExtension.swift */,
				0E47593322EDFCD600B2DE82 /* UIImageExtension.swift */,
				0E47593722EE1AE500B2DE82 /* UIViewExtension.swift */,
				0E5EC81922F37669003C8C73 /* CALayerExtension.swift */,
				0EFF6DA222F73CE000A6A76B /* UILabelExtension.swift */,
				0EFF6DA422F750F900A6A76B /* NSNotificationExtension.swift */,
				0EFA55312303121B0000E6F6 /* DateExtension.swift */,
				0EDA1352231DA25400B759C5 /* UIViewControllerExtension.swift */,
				0EDA1354231DAE7900B759C5 /* UIStoryboardExtension.swift */,
				F7DB9DC723228C1C0007CD42 /* UIAlertControllerExtension.swift */,
				0E15661E23982C26004A1FD5 /* UIFontExtension.swift */,
				0E1291972399AF86001D1470 /* StringExtension.swift */,
				0E1291992399B4E2001D1470 /* CharacterExtension.swift */,
			);
			path = Extensions;
			sourceTree = "<group>";
		};
		0E17A3B922EC9E5500390BA5 /* Fonts */ = {
			isa = PBXGroup;
			children = (
				0E17A3BA22EC9E7D00390BA5 /* GOTHICB.TTF */,
			);
			path = Fonts;
			sourceTree = "<group>";
		};
		0E1C8B3B22F9FD1F0011A5D7 /* Cells */ = {
			isa = PBXGroup;
			children = (
				0E33C8092385BF93006F9AC4 /* Messages */,
				0E060C382356687A00E00251 /* Popups */,
				0E5132B02347BBCF0035C959 /* Profile */,
				0E5132AF2347BBC70035C959 /* Answers */,
				0E5132AE2347BBBC0035C959 /* Questions */,
			);
			path = Cells;
			sourceTree = "<group>";
		};
		0E22594023833703009E6C24 /* TextViews */ = {
			isa = PBXGroup;
			children = (
				0E22594123833710009E6C24 /* VerticallyCenteredTextView.swift */,
			);
			path = TextViews;
			sourceTree = "<group>";
		};
		0E33C8092385BF93006F9AC4 /* Messages */ = {
			isa = PBXGroup;
			children = (
				0E10DACD23873050001F89CD /* MessageCell.swift */,
			);
			path = Messages;
			sourceTree = "<group>";
		};
		0E47593022EDF32700B2DE82 /* Custom Views */ = {
			isa = PBXGroup;
			children = (
				0E22594023833703009E6C24 /* TextViews */,
				0E9CD420235101E2008D6E0F /* Segmented Controls */,
				0ED28FFA234675FB00267882 /* Labels */,
				0ED28FF9234675BB00267882 /* Cards */,
				0ED28FF8234675AA00267882 /* TextFields */,
				0ED28FF7234675A600267882 /* Buttons */,
				0E1C8B3B22F9FD1F0011A5D7 /* Cells */,
				0E61DD5622EF78B900C1C8C7 /* Helpers */,
				0E61DD5322EF78AD00C1C8C7 /* Delegates & DataSource */,
				0E47593522EE18E100B2DE82 /* TabBarCircleView.swift */,
				0E5EC81B22F38A9A003C8C73 /* ShadowUIView.swift */,
				0E0E045C2319C47200979E03 /* UTPageControl.swift */,
				0E079B542396E4E4004B1D7B /* ChatInputAccesoryView.swift */,
			);
			path = "Custom Views";
			sourceTree = "<group>";
		};
		0E5132AE2347BBBC0035C959 /* Questions */ = {
			isa = PBXGroup;
			children = (
				0E1C8B3C22F9FD3A0011A5D7 /* MyQuestionsCollectionViewCell.swift */,
				0E1C8B3D22F9FD3A0011A5D7 /* MyQuestionsCollectionViewCell.xib */,
				0E1C8B4022FA00A80011A5D7 /* MyQuestionsContainerCell.swift */,
				0E1C8B4122FA00A80011A5D7 /* MyQuestionsContainerCell.xib */,
				0E5132B12347BC160035C959 /* AddQuestionCollectionViewCell.swift */,
				0E5132B22347BC160035C959 /* AddQuestionCollectionViewCell.xib */,
			);
			path = Questions;
			sourceTree = "<group>";
		};
		0E5132AF2347BBC70035C959 /* Answers */ = {
			isa = PBXGroup;
			children = (
				0EB020CC2335407000462805 /* AnswerTableViewCell.swift */,
				0EB020CD2335407000462805 /* AnswerTableViewCell.xib */,
				0E068A4522FB520E00A9BDE9 /* MyAnswersTableViewCell.swift */,
				0E068A4622FB520E00A9BDE9 /* MyAnswersTableViewCell.xib */,
				0E068A4922FB558F00A9BDE9 /* AnswersContainerCell.swift */,
				0E068A4A22FB558F00A9BDE9 /* MyAnswersContainerCell.xib */,
			);
			path = Answers;
			sourceTree = "<group>";
		};
		0E5132B02347BBCF0035C959 /* Profile */ = {
			isa = PBXGroup;
			children = (
				0E416C172319BBA500EA3CA7 /* CreateProfileFirstCell.swift */,
				0E416C182319BBA500EA3CA7 /* CreateProfileFirstCell.xib */,
				0ED706F8231C5EBA0039A8DE /* CreateProfileSecondCell.swift */,
				0ED706F9231C5EBA0039A8DE /* CreateProfileSecondCell.xib */,
				0EAC900A2354FB6700887CE3 /* ProfileQuestionCell.swift */,
				0EAC900B2354FB6700887CE3 /* ProfileQuestionCell.xib */,
				0E468F752356540800C671AE /* ProfileAnswerCell.swift */,
				0E468F762356540800C671AE /* ProfileAnswerCell.xib */,
			);
			path = Profile;
			sourceTree = "<group>";
		};
		0E61DD5322EF78AD00C1C8C7 /* Delegates & DataSource */ = {
			isa = PBXGroup;
			children = (
				0E61DD6622EF7F5D00C1C8C7 /* SwipeableCardViewDataSource.swift */,
				0E61DD6522EF7F5D00C1C8C7 /* SwipeableCardViewDelegate.swift */,
				0E61DD5422EF78B700C1C8C7 /* SwipeableViewDelegate.swift */,
			);
			path = "Delegates & DataSource";
			sourceTree = "<group>";
		};
		0E61DD5622EF78B900C1C8C7 /* Helpers */ = {
			isa = PBXGroup;
			children = (
				0E61DD5722EF78BF00C1C8C7 /* SwipeDirection.swift */,
				0E722A8D23579F0500EE206D /* ContentSizedTableView.swift */,
			);
			path = Helpers;
			sourceTree = "<group>";
		};
		0E7AC2AE231EE7B60050E750 /* Managers */ = {
			isa = PBXGroup;
			children = (
				0E7AC2AF231EE7C40050E750 /* FirebaseAuthManager.swift */,
				0E7AC2B1231EF4280050E750 /* FacebookLoginManager.swift */,
			);
			path = Managers;
			sourceTree = "<group>";
		};
		0E946F9123353FA1004D6310 /* Feed */ = {
			isa = PBXGroup;
			children = (
				0E47593922EE1E4400B2DE82 /* FeedViewController.swift */,
				0E946F9223353FB7004D6310 /* QuestionViewController.swift */,
			);
			path = Feed;
			sourceTree = "<group>";
		};
		0E9CD420235101E2008D6E0F /* Segmented Controls */ = {
			isa = PBXGroup;
			children = (
			);
			path = "Segmented Controls";
			sourceTree = "<group>";
		};
		0E9CD42423511264008D6E0F /* Profile */ = {
			isa = PBXGroup;
			children = (
				0E9CD42523511277008D6E0F /* UserProfileViewController.swift */,
			);
			path = Profile;
			sourceTree = "<group>";
		};
		0ED28FF7234675A600267882 /* Buttons */ = {
			isa = PBXGroup;
			children = (
				0E47593122EDF37600B2DE82 /* UITabBarButton.swift */,
				0ED28FFB2346796800267882 /* BiggerTapSizeButton.swift */,
				0E60045323720F0400BCB4F4 /* VoteButton.swift */,
			);
			path = Buttons;
			sourceTree = "<group>";
		};
		0ED28FF8234675AA00267882 /* TextFields */ = {
			isa = PBXGroup;
			children = (
				0EFC0AED22F5CD1D00DC8BBD /* UTAnswerTextField.swift */,
				0E416C0F231993B700EA3CA7 /* UTLoginTextView.swift */,
			);
			path = TextFields;
			sourceTree = "<group>";
		};
		0ED28FF9234675BB00267882 /* Cards */ = {
			isa = PBXGroup;
			children = (
				0E61DD5D22EF7D9E00C1C8C7 /* NibView.swift */,
				0E61DD5122EF77F900C1C8C7 /* SwipeableView.swift */,
				0E61DD5F22EF7E3200C1C8C7 /* SwipeableCardView.swift */,
				0E61DD6122EF7E4A00C1C8C7 /* SwipeableCardView.xib */,
				0E61DD6322EF7F2C00C1C8C7 /* SwipeableCardViewContainer.swift */,
				0E89923F2316F3CA00644E1D /* SwipeableCardViewCard.swift */,
				0E61DD6B22EF8DE200C1C8C7 /* SwipeableCardViewCard.xib */,
			);
			path = Cards;
			sourceTree = "<group>";
		};
		0ED28FFA234675FB00267882 /* Labels */ = {
			isa = PBXGroup;
			children = (
				0E3BE69F2314490100746E90 /* VerticalAlignLabel.swift */,
			);
			path = Labels;
			sourceTree = "<group>";
		};
		0EDA134D231D85DF00B759C5 /* Helpers */ = {
			isa = PBXGroup;
			children = (
				0EDA134E231D85F700B759C5 /* CustomAnimator.swift */,
				0EDA1350231DA12E00B759C5 /* CustomInteractor.swift */,
				0E7AC2B3231EF5FD0050E750 /* Errors.swift */,
			);
			path = Helpers;
			sourceTree = "<group>";
		};
		0EFA552A230307F60000E6F6 /* Models */ = {
			isa = PBXGroup;
			children = (
				0EFA552B2303080A0000E6F6 /* Question.swift */,
				0EFA552D2303081A0000E6F6 /* UTUser.swift */,
				0EFA552F230308260000E6F6 /* Answer.swift */,
				0E22593E238332EC009E6C24 /* Message.swift */,
				F7772279239AA352000E7CA8 /* Date.swift */,
				0E1EA6D6239ED98100147B88 /* UTMessage.swift */,
			);
			path = Models;
			sourceTree = "<group>";
		};
		803CFFF63201180656C2D759 /* Pods */ = {
			isa = PBXGroup;
			children = (
				D2CAD022DE78A7E39AB5B51C /* Pods-Untind.debug.xcconfig */,
				1304353B4B53B382BC0262C3 /* Pods-Untind.release.xcconfig */,
				7D580765A1EEC803E58134AA /* Pods-UntindTests.debug.xcconfig */,
				767802DA078BB1FE50658503 /* Pods-UntindTests.release.xcconfig */,
				918011EDAD2926EE8922FED2 /* Pods-UntindUITests.debug.xcconfig */,
				25C1EEBC1C73143988562697 /* Pods-UntindUITests.release.xcconfig */,
			);
			path = Pods;
			sourceTree = "<group>";
		};
		8A1CA5D73FF536F47A3AF4DE /* Frameworks */ = {
			isa = PBXGroup;
			children = (
				F4B0F3E6FBF9FC7F0EAF9164 /* Pods_Untind.framework */,
				11EE0AE1F6BF96288417DC38 /* Pods_UntindTests.framework */,
				B9EC78CED775F210243AE468 /* Pods_UntindUITests.framework */,
			);
			name = Frameworks;
			sourceTree = "<group>";
		};
/* End PBXGroup section */

/* Begin PBXNativeTarget section */
		0E17A38122EC8DF500390BA5 /* Untind */ = {
			isa = PBXNativeTarget;
			buildConfigurationList = 0E17A3AA22EC8DF600390BA5 /* Build configuration list for PBXNativeTarget "Untind" */;
			buildPhases = (
				63FC7487A77AACD8C7B745C5 /* [CP] Check Pods Manifest.lock */,
				0E17A37E22EC8DF500390BA5 /* Sources */,
				0E17A37F22EC8DF500390BA5 /* Frameworks */,
				0E17A38022EC8DF500390BA5 /* Resources */,
				039C41CE3C5A657292DAA340 /* [CP] Embed Pods Frameworks */,
			);
			buildRules = (
			);
			dependencies = (
			);
			name = Untind;
			productName = Untind;
			productReference = 0E17A38222EC8DF500390BA5 /* Untind.app */;
			productType = "com.apple.product-type.application";
		};
		0E17A39522EC8DF600390BA5 /* UntindTests */ = {
			isa = PBXNativeTarget;
			buildConfigurationList = 0E17A3AD22EC8DF600390BA5 /* Build configuration list for PBXNativeTarget "UntindTests" */;
			buildPhases = (
				46ACF85C7DCE566B93FFC3B7 /* [CP] Check Pods Manifest.lock */,
				0E17A39222EC8DF600390BA5 /* Sources */,
				0E17A39322EC8DF600390BA5 /* Frameworks */,
				0E17A39422EC8DF600390BA5 /* Resources */,
			);
			buildRules = (
			);
			dependencies = (
				0E17A39822EC8DF600390BA5 /* PBXTargetDependency */,
			);
			name = UntindTests;
			productName = UntindTests;
			productReference = 0E17A39622EC8DF600390BA5 /* UntindTests.xctest */;
			productType = "com.apple.product-type.bundle.unit-test";
		};
		0E17A3A022EC8DF600390BA5 /* UntindUITests */ = {
			isa = PBXNativeTarget;
			buildConfigurationList = 0E17A3B022EC8DF600390BA5 /* Build configuration list for PBXNativeTarget "UntindUITests" */;
			buildPhases = (
				5DE9DD484AAC0CC622D210DC /* [CP] Check Pods Manifest.lock */,
				0E17A39D22EC8DF600390BA5 /* Sources */,
				0E17A39E22EC8DF600390BA5 /* Frameworks */,
				0E17A39F22EC8DF600390BA5 /* Resources */,
			);
			buildRules = (
			);
			dependencies = (
				0E17A3A322EC8DF600390BA5 /* PBXTargetDependency */,
			);
			name = UntindUITests;
			productName = UntindUITests;
			productReference = 0E17A3A122EC8DF600390BA5 /* UntindUITests.xctest */;
			productType = "com.apple.product-type.bundle.ui-testing";
		};
/* End PBXNativeTarget section */

/* Begin PBXProject section */
		0E17A37A22EC8DF500390BA5 /* Project object */ = {
			isa = PBXProject;
			attributes = {
				LastSwiftUpdateCheck = 1030;
				LastUpgradeCheck = 1030;
				ORGANIZATIONNAME = FincPicsels;
				TargetAttributes = {
					0E17A38122EC8DF500390BA5 = {
						CreatedOnToolsVersion = 10.3;
					};
					0E17A39522EC8DF600390BA5 = {
						CreatedOnToolsVersion = 10.3;
						TestTargetID = 0E17A38122EC8DF500390BA5;
					};
					0E17A3A022EC8DF600390BA5 = {
						CreatedOnToolsVersion = 10.3;
						TestTargetID = 0E17A38122EC8DF500390BA5;
					};
				};
			};
			buildConfigurationList = 0E17A37D22EC8DF500390BA5 /* Build configuration list for PBXProject "Untind" */;
			compatibilityVersion = "Xcode 9.3";
			developmentRegion = en;
			hasScannedForEncodings = 0;
			knownRegions = (
				en,
				Base,
			);
			mainGroup = 0E17A37922EC8DF500390BA5;
			productRefGroup = 0E17A38322EC8DF500390BA5 /* Products */;
			projectDirPath = "";
			projectRoot = "";
			targets = (
				0E17A38122EC8DF500390BA5 /* Untind */,
				0E17A39522EC8DF600390BA5 /* UntindTests */,
				0E17A3A022EC8DF600390BA5 /* UntindUITests */,
			);
		};
/* End PBXProject section */

/* Begin PBXResourcesBuildPhase section */
		0E17A38022EC8DF500390BA5 /* Resources */ = {
			isa = PBXResourcesBuildPhase;
			buildActionMask = 2147483647;
			files = (
				0E068A4C22FB558F00A9BDE9 /* MyAnswersContainerCell.xib in Resources */,
				0E1C8B4322FA00A80011A5D7 /* MyQuestionsContainerCell.xib in Resources */,
				0E068A4822FB520E00A9BDE9 /* MyAnswersTableViewCell.xib in Resources */,
				0E17A39022EC8DF600390BA5 /* LaunchScreen.storyboard in Resources */,
				0E416C1A2319BBA500EA3CA7 /* CreateProfileFirstCell.xib in Resources */,
				0E468F782356540800C671AE /* ProfileAnswerCell.xib in Resources */,
				0ECB7943232981C800F99498 /* Feed.storyboard in Resources */,
				0E5132B42347BC160035C959 /* AddQuestionCollectionViewCell.xib in Resources */,
				0ECB7945232981D000F99498 /* Chat.storyboard in Resources */,
				0E468F7A235661EC00C671AE /* Popups.storyboard in Resources */,
				0ED706FB231C5EBA0039A8DE /* CreateProfileSecondCell.xib in Resources */,
				0EAC900D2354FB6700887CE3 /* ProfileQuestionCell.xib in Resources */,
				0E17A38D22EC8DF600390BA5 /* Assets.xcassets in Resources */,
				0E47592D22EDE7E900B2DE82 /* GoogleService-Info.plist in Resources */,
				0ECB79412329818700F99498 /* Registration.storyboard in Resources */,
				0E17A38B22EC8DF500390BA5 /* Main.storyboard in Resources */,
				0E61DD6C22EF8DE300C1C8C7 /* SwipeableCardViewCard.xib in Resources */,
				0ECB7947232981D500F99498 /* Profile.storyboard in Resources */,
				0E17A3BB22EC9E7D00390BA5 /* GOTHICB.TTF in Resources */,
				0EB020CF2335407000462805 /* AnswerTableViewCell.xib in Resources */,
				0E1C8B3F22F9FD3A0011A5D7 /* MyQuestionsCollectionViewCell.xib in Resources */,
				0E61DD6222EF7E4A00C1C8C7 /* SwipeableCardView.xib in Resources */,
			);
			runOnlyForDeploymentPostprocessing = 0;
		};
		0E17A39422EC8DF600390BA5 /* Resources */ = {
			isa = PBXResourcesBuildPhase;
			buildActionMask = 2147483647;
			files = (
			);
			runOnlyForDeploymentPostprocessing = 0;
		};
		0E17A39F22EC8DF600390BA5 /* Resources */ = {
			isa = PBXResourcesBuildPhase;
			buildActionMask = 2147483647;
			files = (
			);
			runOnlyForDeploymentPostprocessing = 0;
		};
/* End PBXResourcesBuildPhase section */

/* Begin PBXShellScriptBuildPhase section */
		039C41CE3C5A657292DAA340 /* [CP] Embed Pods Frameworks */ = {
			isa = PBXShellScriptBuildPhase;
			buildActionMask = 2147483647;
			files = (
			);
			inputFileListPaths = (
				"${PODS_ROOT}/Target Support Files/Pods-Untind/Pods-Untind-frameworks-${CONFIGURATION}-input-files.xcfilelist",
			);
			name = "[CP] Embed Pods Frameworks";
			outputFileListPaths = (
				"${PODS_ROOT}/Target Support Files/Pods-Untind/Pods-Untind-frameworks-${CONFIGURATION}-output-files.xcfilelist",
			);
			runOnlyForDeploymentPostprocessing = 0;
			shellPath = /bin/sh;
			shellScript = "\"${PODS_ROOT}/Target Support Files/Pods-Untind/Pods-Untind-frameworks.sh\"\n";
			showEnvVarsInLog = 0;
		};
		46ACF85C7DCE566B93FFC3B7 /* [CP] Check Pods Manifest.lock */ = {
			isa = PBXShellScriptBuildPhase;
			buildActionMask = 2147483647;
			files = (
			);
			inputFileListPaths = (
			);
			inputPaths = (
				"${PODS_PODFILE_DIR_PATH}/Podfile.lock",
				"${PODS_ROOT}/Manifest.lock",
			);
			name = "[CP] Check Pods Manifest.lock";
			outputFileListPaths = (
			);
			outputPaths = (
				"$(DERIVED_FILE_DIR)/Pods-UntindTests-checkManifestLockResult.txt",
			);
			runOnlyForDeploymentPostprocessing = 0;
			shellPath = /bin/sh;
			shellScript = "diff \"${PODS_PODFILE_DIR_PATH}/Podfile.lock\" \"${PODS_ROOT}/Manifest.lock\" > /dev/null\nif [ $? != 0 ] ; then\n    # print error to STDERR\n    echo \"error: The sandbox is not in sync with the Podfile.lock. Run 'pod install' or update your CocoaPods installation.\" >&2\n    exit 1\nfi\n# This output is used by Xcode 'outputs' to avoid re-running this script phase.\necho \"SUCCESS\" > \"${SCRIPT_OUTPUT_FILE_0}\"\n";
			showEnvVarsInLog = 0;
		};
		5DE9DD484AAC0CC622D210DC /* [CP] Check Pods Manifest.lock */ = {
			isa = PBXShellScriptBuildPhase;
			buildActionMask = 2147483647;
			files = (
			);
			inputFileListPaths = (
			);
			inputPaths = (
				"${PODS_PODFILE_DIR_PATH}/Podfile.lock",
				"${PODS_ROOT}/Manifest.lock",
			);
			name = "[CP] Check Pods Manifest.lock";
			outputFileListPaths = (
			);
			outputPaths = (
				"$(DERIVED_FILE_DIR)/Pods-UntindUITests-checkManifestLockResult.txt",
			);
			runOnlyForDeploymentPostprocessing = 0;
			shellPath = /bin/sh;
			shellScript = "diff \"${PODS_PODFILE_DIR_PATH}/Podfile.lock\" \"${PODS_ROOT}/Manifest.lock\" > /dev/null\nif [ $? != 0 ] ; then\n    # print error to STDERR\n    echo \"error: The sandbox is not in sync with the Podfile.lock. Run 'pod install' or update your CocoaPods installation.\" >&2\n    exit 1\nfi\n# This output is used by Xcode 'outputs' to avoid re-running this script phase.\necho \"SUCCESS\" > \"${SCRIPT_OUTPUT_FILE_0}\"\n";
			showEnvVarsInLog = 0;
		};
		63FC7487A77AACD8C7B745C5 /* [CP] Check Pods Manifest.lock */ = {
			isa = PBXShellScriptBuildPhase;
			buildActionMask = 2147483647;
			files = (
			);
			inputFileListPaths = (
			);
			inputPaths = (
				"${PODS_PODFILE_DIR_PATH}/Podfile.lock",
				"${PODS_ROOT}/Manifest.lock",
			);
			name = "[CP] Check Pods Manifest.lock";
			outputFileListPaths = (
			);
			outputPaths = (
				"$(DERIVED_FILE_DIR)/Pods-Untind-checkManifestLockResult.txt",
			);
			runOnlyForDeploymentPostprocessing = 0;
			shellPath = /bin/sh;
			shellScript = "diff \"${PODS_PODFILE_DIR_PATH}/Podfile.lock\" \"${PODS_ROOT}/Manifest.lock\" > /dev/null\nif [ $? != 0 ] ; then\n    # print error to STDERR\n    echo \"error: The sandbox is not in sync with the Podfile.lock. Run 'pod install' or update your CocoaPods installation.\" >&2\n    exit 1\nfi\n# This output is used by Xcode 'outputs' to avoid re-running this script phase.\necho \"SUCCESS\" > \"${SCRIPT_OUTPUT_FILE_0}\"\n";
			showEnvVarsInLog = 0;
		};
/* End PBXShellScriptBuildPhase section */

/* Begin PBXSourcesBuildPhase section */
		0E17A37E22EC8DF500390BA5 /* Sources */ = {
			isa = PBXSourcesBuildPhase;
			buildActionMask = 2147483647;
			files = (
				0E1C8B4222FA00A80011A5D7 /* MyQuestionsContainerCell.swift in Sources */,
				0E47593822EE1AE500B2DE82 /* UIViewExtension.swift in Sources */,
				0E22594223833710009E6C24 /* VerticallyCenteredTextView.swift in Sources */,
				0E416C10231993B700EA3CA7 /* UTLoginTextView.swift in Sources */,
				0E10DACF23873050001F89CD /* MessageCell.swift in Sources */,
				0E09534D2310636600326172 /* WriteQuestionViewController.swift in Sources */,
				0E0E045D2319C47200979E03 /* UTPageControl.swift in Sources */,
				0E61DD5222EF77F900C1C8C7 /* SwipeableView.swift in Sources */,
				0EFA5530230308260000E6F6 /* Answer.swift in Sources */,
				0E8992402316F3CA00644E1D /* SwipeableCardViewCard.swift in Sources */,
				0E079B552396E4E4004B1D7B /* ChatInputAccesoryView.swift in Sources */,
				0EFA552C2303080A0000E6F6 /* Question.swift in Sources */,
				0E068A4722FB520E00A9BDE9 /* MyAnswersTableViewCell.swift in Sources */,
				0E17A3BC22EC9E8700390BA5 /* GOTHICB.TTF in Sources */,
				0E9CD42623511277008D6E0F /* UserProfileViewController.swift in Sources */,
				0E12919A2399B4E2001D1470 /* CharacterExtension.swift in Sources */,
				0E060C37235667FE00E00251 /* ReportUserPopup.swift in Sources */,
				0E61DD6022EF7E3200C1C8C7 /* SwipeableCardView.swift in Sources */,
				F7DB9DC823228C1C0007CD42 /* UIAlertControllerExtension.swift in Sources */,
				0E1C8B3A22F9EDBD0011A5D7 /* MyQuestionsViewController.swift in Sources */,
				0E17A38822EC8DF500390BA5 /* OnboardingViewController.swift in Sources */,
				0E60045423720F0400BCB4F4 /* VoteButton.swift in Sources */,
				0E3BE6A02314490100746E90 /* VerticalAlignLabel.swift in Sources */,
				0E5EC81A22F37669003C8C73 /* CALayerExtension.swift in Sources */,
				0E7AC2B0231EE7C40050E750 /* FirebaseAuthManager.swift in Sources */,
				0E61DD6822EF7F5D00C1C8C7 /* SwipeableCardViewDataSource.swift in Sources */,
				0E060C3B2356688D00E00251 /* ReportReasonCell.swift in Sources */,
				0EDA1351231DA12E00B759C5 /* CustomInteractor.swift in Sources */,
				0E722A8E23579F0500EE206D /* ContentSizedTableView.swift in Sources */,
				0EFC0AEE22F5CD1D00DC8BBD /* UTAnswerTextField.swift in Sources */,
				0EFA552E2303081A0000E6F6 /* UTUser.swift in Sources */,
				0EAC900C2354FB6700887CE3 /* ProfileQuestionCell.swift in Sources */,
				0E47593222EDF37600B2DE82 /* UITabBarButton.swift in Sources */,
				0E61DD6722EF7F5D00C1C8C7 /* SwipeableCardViewDelegate.swift in Sources */,
				0EFF6DA722F7523900A6A76B /* Constants.swift in Sources */,
				F777227A239AA352000E7CA8 /* Date.swift in Sources */,
				0E61DD5522EF78B700C1C8C7 /* SwipeableViewDelegate.swift in Sources */,
				0E15661F23982C26004A1FD5 /* UIFontExtension.swift in Sources */,
				0E416C142319AEF600EA3CA7 /* SignUpViewController.swift in Sources */,
				0E09534F231069CA00326172 /* AddQuestionController.swift in Sources */,
				0ED706FA231C5EBA0039A8DE /* CreateProfileSecondCell.swift in Sources */,
				0E416C192319BBA500EA3CA7 /* CreateProfileFirstCell.swift in Sources */,
				0E1291982399AF86001D1470 /* StringExtension.swift in Sources */,
				0E416C1223199B7C00EA3CA7 /* SignInViewController.swift in Sources */,
				0E1C8B3E22F9FD3A0011A5D7 /* MyQuestionsCollectionViewCell.swift in Sources */,
				0E7AC2B2231EF4280050E750 /* FacebookLoginManager.swift in Sources */,
				0E722A902357ABE800EE206D /* Globals.swift in Sources */,
				0EFF6DA322F73CE000A6A76B /* UILabelExtension.swift in Sources */,
				0EFF6DA522F750F900A6A76B /* NSNotificationExtension.swift in Sources */,
				0E416C162319BAD000EA3CA7 /* CreateProfileViewController.swift in Sources */,
				0E17A38622EC8DF500390BA5 /* AppDelegate.swift in Sources */,
				0E5EC81C22F38A9A003C8C73 /* ShadowUIView.swift in Sources */,
				0E946F9323353FB7004D6310 /* QuestionViewController.swift in Sources */,
				0E47593622EE18E100B2DE82 /* TabBarCircleView.swift in Sources */,
				0E47593A22EE1E4400B2DE82 /* FeedViewController.swift in Sources */,
				0EDA1353231DA25400B759C5 /* UIViewControllerExtension.swift in Sources */,
				0E61DD5C22EF791200C1C8C7 /* CGPoint+SwipeableAdditions.swift in Sources */,
				0EDA134F231D85F700B759C5 /* CustomAnimator.swift in Sources */,
				0E61DD5822EF78BF00C1C8C7 /* SwipeDirection.swift in Sources */,
				0E468F772356540800C671AE /* ProfileAnswerCell.swift in Sources */,
				0E47592F22EDF0F300B2DE82 /* TabBarViewController.swift in Sources */,
				0ED28FFC2346796800267882 /* BiggerTapSizeButton.swift in Sources */,
				0EB020CE2335407000462805 /* AnswerTableViewCell.swift in Sources */,
				0E17A3B822EC9A3F00390BA5 /* UIColorExtension.swift in Sources */,
				0E61DD6422EF7F2C00C1C8C7 /* SwipeableCardViewContainer.swift in Sources */,
				0E61DD5B22EF791200C1C8C7 /* CGRect+SwipeAdditions.swift in Sources */,
				0E61DD5E22EF7D9E00C1C8C7 /* NibView.swift in Sources */,
				0EFA55322303121B0000E6F6 /* DateExtension.swift in Sources */,
				0EFF24F7230DE2F6006F4A8E /* ProfileViewController.swift in Sources */,
				0E14BF3F237C922400E25880 /* ChatViewController.swift in Sources */,
				0E22593F238332EC009E6C24 /* Message.swift in Sources */,
				0E7AC2B4231EF5FD0050E750 /* Errors.swift in Sources */,
				0EDA1355231DAE7900B759C5 /* UIStoryboardExtension.swift in Sources */,
				0E5132B32347BC160035C959 /* AddQuestionCollectionViewCell.swift in Sources */,
				0E47593422EDFCD600B2DE82 /* UIImageExtension.swift in Sources */,
				0E1EA6D7239ED98100147B88 /* UTMessage.swift in Sources */,
				0E068A4B22FB558F00A9BDE9 /* AnswersContainerCell.swift in Sources */,
			);
			runOnlyForDeploymentPostprocessing = 0;
		};
		0E17A39222EC8DF600390BA5 /* Sources */ = {
			isa = PBXSourcesBuildPhase;
			buildActionMask = 2147483647;
			files = (
				0E17A39B22EC8DF600390BA5 /* UntindTests.swift in Sources */,
			);
			runOnlyForDeploymentPostprocessing = 0;
		};
		0E17A39D22EC8DF600390BA5 /* Sources */ = {
			isa = PBXSourcesBuildPhase;
			buildActionMask = 2147483647;
			files = (
				0E17A3A622EC8DF600390BA5 /* UntindUITests.swift in Sources */,
			);
			runOnlyForDeploymentPostprocessing = 0;
		};
/* End PBXSourcesBuildPhase section */

/* Begin PBXTargetDependency section */
		0E17A39822EC8DF600390BA5 /* PBXTargetDependency */ = {
			isa = PBXTargetDependency;
			target = 0E17A38122EC8DF500390BA5 /* Untind */;
			targetProxy = 0E17A39722EC8DF600390BA5 /* PBXContainerItemProxy */;
		};
		0E17A3A322EC8DF600390BA5 /* PBXTargetDependency */ = {
			isa = PBXTargetDependency;
			target = 0E17A38122EC8DF500390BA5 /* Untind */;
			targetProxy = 0E17A3A222EC8DF600390BA5 /* PBXContainerItemProxy */;
		};
/* End PBXTargetDependency section */

/* Begin PBXVariantGroup section */
		0E17A38922EC8DF500390BA5 /* Main.storyboard */ = {
			isa = PBXVariantGroup;
			children = (
				0E17A38A22EC8DF500390BA5 /* Base */,
			);
			name = Main.storyboard;
			sourceTree = "<group>";
		};
		0E17A38E22EC8DF600390BA5 /* LaunchScreen.storyboard */ = {
			isa = PBXVariantGroup;
			children = (
				0E17A38F22EC8DF600390BA5 /* Base */,
			);
			name = LaunchScreen.storyboard;
			sourceTree = "<group>";
		};
/* End PBXVariantGroup section */

/* Begin XCBuildConfiguration section */
		0E17A3A822EC8DF600390BA5 /* Debug */ = {
			isa = XCBuildConfiguration;
			buildSettings = {
				ALWAYS_SEARCH_USER_PATHS = NO;
				CLANG_ANALYZER_NONNULL = YES;
				CLANG_ANALYZER_NUMBER_OBJECT_CONVERSION = YES_AGGRESSIVE;
				CLANG_CXX_LANGUAGE_STANDARD = "gnu++14";
				CLANG_CXX_LIBRARY = "libc++";
				CLANG_ENABLE_MODULES = YES;
				CLANG_ENABLE_OBJC_ARC = YES;
				CLANG_ENABLE_OBJC_WEAK = YES;
				CLANG_WARN_BLOCK_CAPTURE_AUTORELEASING = YES;
				CLANG_WARN_BOOL_CONVERSION = YES;
				CLANG_WARN_COMMA = YES;
				CLANG_WARN_CONSTANT_CONVERSION = YES;
				CLANG_WARN_DEPRECATED_OBJC_IMPLEMENTATIONS = YES;
				CLANG_WARN_DIRECT_OBJC_ISA_USAGE = YES_ERROR;
				CLANG_WARN_DOCUMENTATION_COMMENTS = YES;
				CLANG_WARN_EMPTY_BODY = YES;
				CLANG_WARN_ENUM_CONVERSION = YES;
				CLANG_WARN_INFINITE_RECURSION = YES;
				CLANG_WARN_INT_CONVERSION = YES;
				CLANG_WARN_NON_LITERAL_NULL_CONVERSION = YES;
				CLANG_WARN_OBJC_IMPLICIT_RETAIN_SELF = YES;
				CLANG_WARN_OBJC_LITERAL_CONVERSION = YES;
				CLANG_WARN_OBJC_ROOT_CLASS = YES_ERROR;
				CLANG_WARN_RANGE_LOOP_ANALYSIS = YES;
				CLANG_WARN_STRICT_PROTOTYPES = YES;
				CLANG_WARN_SUSPICIOUS_MOVE = YES;
				CLANG_WARN_UNGUARDED_AVAILABILITY = YES_AGGRESSIVE;
				CLANG_WARN_UNREACHABLE_CODE = YES;
				CLANG_WARN__DUPLICATE_METHOD_MATCH = YES;
				CODE_SIGN_IDENTITY = "iPhone Developer";
				COPY_PHASE_STRIP = NO;
				DEBUG_INFORMATION_FORMAT = dwarf;
				ENABLE_STRICT_OBJC_MSGSEND = YES;
				ENABLE_TESTABILITY = YES;
				GCC_C_LANGUAGE_STANDARD = gnu11;
				GCC_DYNAMIC_NO_PIC = NO;
				GCC_NO_COMMON_BLOCKS = YES;
				GCC_OPTIMIZATION_LEVEL = 0;
				GCC_PREPROCESSOR_DEFINITIONS = (
					"DEBUG=1",
					"$(inherited)",
				);
				GCC_WARN_64_TO_32_BIT_CONVERSION = YES;
				GCC_WARN_ABOUT_RETURN_TYPE = YES_ERROR;
				GCC_WARN_UNDECLARED_SELECTOR = YES;
				GCC_WARN_UNINITIALIZED_AUTOS = YES_AGGRESSIVE;
				GCC_WARN_UNUSED_FUNCTION = YES;
				GCC_WARN_UNUSED_VARIABLE = YES;
				IPHONEOS_DEPLOYMENT_TARGET = 12.4;
				MTL_ENABLE_DEBUG_INFO = INCLUDE_SOURCE;
				MTL_FAST_MATH = YES;
				ONLY_ACTIVE_ARCH = YES;
				OTHER_LDFLAGS = "-ObjC";
				SDKROOT = iphoneos;
				SWIFT_ACTIVE_COMPILATION_CONDITIONS = DEBUG;
				SWIFT_OPTIMIZATION_LEVEL = "-Onone";
			};
			name = Debug;
		};
		0E17A3A922EC8DF600390BA5 /* Release */ = {
			isa = XCBuildConfiguration;
			buildSettings = {
				ALWAYS_SEARCH_USER_PATHS = NO;
				CLANG_ANALYZER_NONNULL = YES;
				CLANG_ANALYZER_NUMBER_OBJECT_CONVERSION = YES_AGGRESSIVE;
				CLANG_CXX_LANGUAGE_STANDARD = "gnu++14";
				CLANG_CXX_LIBRARY = "libc++";
				CLANG_ENABLE_MODULES = YES;
				CLANG_ENABLE_OBJC_ARC = YES;
				CLANG_ENABLE_OBJC_WEAK = YES;
				CLANG_WARN_BLOCK_CAPTURE_AUTORELEASING = YES;
				CLANG_WARN_BOOL_CONVERSION = YES;
				CLANG_WARN_COMMA = YES;
				CLANG_WARN_CONSTANT_CONVERSION = YES;
				CLANG_WARN_DEPRECATED_OBJC_IMPLEMENTATIONS = YES;
				CLANG_WARN_DIRECT_OBJC_ISA_USAGE = YES_ERROR;
				CLANG_WARN_DOCUMENTATION_COMMENTS = YES;
				CLANG_WARN_EMPTY_BODY = YES;
				CLANG_WARN_ENUM_CONVERSION = YES;
				CLANG_WARN_INFINITE_RECURSION = YES;
				CLANG_WARN_INT_CONVERSION = YES;
				CLANG_WARN_NON_LITERAL_NULL_CONVERSION = YES;
				CLANG_WARN_OBJC_IMPLICIT_RETAIN_SELF = YES;
				CLANG_WARN_OBJC_LITERAL_CONVERSION = YES;
				CLANG_WARN_OBJC_ROOT_CLASS = YES_ERROR;
				CLANG_WARN_RANGE_LOOP_ANALYSIS = YES;
				CLANG_WARN_STRICT_PROTOTYPES = YES;
				CLANG_WARN_SUSPICIOUS_MOVE = YES;
				CLANG_WARN_UNGUARDED_AVAILABILITY = YES_AGGRESSIVE;
				CLANG_WARN_UNREACHABLE_CODE = YES;
				CLANG_WARN__DUPLICATE_METHOD_MATCH = YES;
				CODE_SIGN_IDENTITY = "iPhone Developer";
				COPY_PHASE_STRIP = NO;
				DEBUG_INFORMATION_FORMAT = "dwarf-with-dsym";
				ENABLE_NS_ASSERTIONS = NO;
				ENABLE_STRICT_OBJC_MSGSEND = YES;
				GCC_C_LANGUAGE_STANDARD = gnu11;
				GCC_NO_COMMON_BLOCKS = YES;
				GCC_WARN_64_TO_32_BIT_CONVERSION = YES;
				GCC_WARN_ABOUT_RETURN_TYPE = YES_ERROR;
				GCC_WARN_UNDECLARED_SELECTOR = YES;
				GCC_WARN_UNINITIALIZED_AUTOS = YES_AGGRESSIVE;
				GCC_WARN_UNUSED_FUNCTION = YES;
				GCC_WARN_UNUSED_VARIABLE = YES;
				IPHONEOS_DEPLOYMENT_TARGET = 12.4;
				MTL_ENABLE_DEBUG_INFO = NO;
				MTL_FAST_MATH = YES;
				OTHER_LDFLAGS = "-ObjC";
				SDKROOT = iphoneos;
				SWIFT_COMPILATION_MODE = wholemodule;
				SWIFT_OPTIMIZATION_LEVEL = "-O";
				VALIDATE_PRODUCT = YES;
			};
			name = Release;
		};
		0E17A3AB22EC8DF600390BA5 /* Debug */ = {
			isa = XCBuildConfiguration;
			baseConfigurationReference = D2CAD022DE78A7E39AB5B51C /* Pods-Untind.debug.xcconfig */;
			buildSettings = {
				ASSETCATALOG_COMPILER_APPICON_NAME = AppIcon;
				CODE_SIGN_IDENTITY = "iPhone Developer";
				CODE_SIGN_STYLE = Automatic;
				DEVELOPMENT_TEAM = 339G5DV22M;
				INFOPLIST_FILE = Untind/Info.plist;
				IPHONEOS_DEPLOYMENT_TARGET = 10.0;
				LD_RUNPATH_SEARCH_PATHS = (
					"$(inherited)",
					"@executable_path/Frameworks",
				);
				PRODUCT_BUNDLE_IDENTIFIER = FincPicsels.Untind.MVP2;
				PRODUCT_NAME = "$(TARGET_NAME)";
				PROVISIONING_PROFILE_SPECIFIER = "";
				SWIFT_VERSION = 5.0;
				TARGETED_DEVICE_FAMILY = 1;
			};
			name = Debug;
		};
		0E17A3AC22EC8DF600390BA5 /* Release */ = {
			isa = XCBuildConfiguration;
			baseConfigurationReference = 1304353B4B53B382BC0262C3 /* Pods-Untind.release.xcconfig */;
			buildSettings = {
				ASSETCATALOG_COMPILER_APPICON_NAME = AppIcon;
				CODE_SIGN_IDENTITY = "iPhone Developer";
				CODE_SIGN_STYLE = Automatic;
				DEVELOPMENT_TEAM = 339G5DV22M;
				INFOPLIST_FILE = Untind/Info.plist;
				IPHONEOS_DEPLOYMENT_TARGET = 10.0;
				LD_RUNPATH_SEARCH_PATHS = (
					"$(inherited)",
					"@executable_path/Frameworks",
				);
				PRODUCT_BUNDLE_IDENTIFIER = FincPicsels.Untind.MVP2;
				PRODUCT_NAME = "$(TARGET_NAME)";
				PROVISIONING_PROFILE_SPECIFIER = "";
				SWIFT_VERSION = 5.0;
				TARGETED_DEVICE_FAMILY = 1;
			};
			name = Release;
		};
		0E17A3AE22EC8DF600390BA5 /* Debug */ = {
			isa = XCBuildConfiguration;
			baseConfigurationReference = 7D580765A1EEC803E58134AA /* Pods-UntindTests.debug.xcconfig */;
			buildSettings = {
				ALWAYS_EMBED_SWIFT_STANDARD_LIBRARIES = YES;
				BUNDLE_LOADER = "$(TEST_HOST)";
				CODE_SIGN_STYLE = Automatic;
				INFOPLIST_FILE = UntindTests/Info.plist;
				LD_RUNPATH_SEARCH_PATHS = (
					"$(inherited)",
					"@executable_path/Frameworks",
					"@loader_path/Frameworks",
				);
				PRODUCT_BUNDLE_IDENTIFIER = FincPicsels.UntindTests;
				PRODUCT_NAME = "$(TARGET_NAME)";
				SWIFT_VERSION = 5.0;
				TARGETED_DEVICE_FAMILY = "1,2";
				TEST_HOST = "$(BUILT_PRODUCTS_DIR)/Untind.app/Untind";
			};
			name = Debug;
		};
		0E17A3AF22EC8DF600390BA5 /* Release */ = {
			isa = XCBuildConfiguration;
			baseConfigurationReference = 767802DA078BB1FE50658503 /* Pods-UntindTests.release.xcconfig */;
			buildSettings = {
				ALWAYS_EMBED_SWIFT_STANDARD_LIBRARIES = YES;
				BUNDLE_LOADER = "$(TEST_HOST)";
				CODE_SIGN_STYLE = Automatic;
				INFOPLIST_FILE = UntindTests/Info.plist;
				LD_RUNPATH_SEARCH_PATHS = (
					"$(inherited)",
					"@executable_path/Frameworks",
					"@loader_path/Frameworks",
				);
				PRODUCT_BUNDLE_IDENTIFIER = FincPicsels.UntindTests;
				PRODUCT_NAME = "$(TARGET_NAME)";
				SWIFT_VERSION = 5.0;
				TARGETED_DEVICE_FAMILY = "1,2";
				TEST_HOST = "$(BUILT_PRODUCTS_DIR)/Untind.app/Untind";
			};
			name = Release;
		};
		0E17A3B122EC8DF600390BA5 /* Debug */ = {
			isa = XCBuildConfiguration;
			baseConfigurationReference = 918011EDAD2926EE8922FED2 /* Pods-UntindUITests.debug.xcconfig */;
			buildSettings = {
				ALWAYS_EMBED_SWIFT_STANDARD_LIBRARIES = YES;
				CODE_SIGN_STYLE = Automatic;
				INFOPLIST_FILE = UntindUITests/Info.plist;
				LD_RUNPATH_SEARCH_PATHS = (
					"$(inherited)",
					"@executable_path/Frameworks",
					"@loader_path/Frameworks",
				);
				PRODUCT_BUNDLE_IDENTIFIER = FincPicsels.UntindUITests;
				PRODUCT_NAME = "$(TARGET_NAME)";
				SWIFT_VERSION = 5.0;
				TARGETED_DEVICE_FAMILY = "1,2";
				TEST_TARGET_NAME = Untind;
			};
			name = Debug;
		};
		0E17A3B222EC8DF600390BA5 /* Release */ = {
			isa = XCBuildConfiguration;
			baseConfigurationReference = 25C1EEBC1C73143988562697 /* Pods-UntindUITests.release.xcconfig */;
			buildSettings = {
				ALWAYS_EMBED_SWIFT_STANDARD_LIBRARIES = YES;
				CODE_SIGN_STYLE = Automatic;
				INFOPLIST_FILE = UntindUITests/Info.plist;
				LD_RUNPATH_SEARCH_PATHS = (
					"$(inherited)",
					"@executable_path/Frameworks",
					"@loader_path/Frameworks",
				);
				PRODUCT_BUNDLE_IDENTIFIER = FincPicsels.UntindUITests;
				PRODUCT_NAME = "$(TARGET_NAME)";
				SWIFT_VERSION = 5.0;
				TARGETED_DEVICE_FAMILY = "1,2";
				TEST_TARGET_NAME = Untind;
			};
			name = Release;
		};
/* End XCBuildConfiguration section */

/* Begin XCConfigurationList section */
		0E17A37D22EC8DF500390BA5 /* Build configuration list for PBXProject "Untind" */ = {
			isa = XCConfigurationList;
			buildConfigurations = (
				0E17A3A822EC8DF600390BA5 /* Debug */,
				0E17A3A922EC8DF600390BA5 /* Release */,
			);
			defaultConfigurationIsVisible = 0;
			defaultConfigurationName = Release;
		};
		0E17A3AA22EC8DF600390BA5 /* Build configuration list for PBXNativeTarget "Untind" */ = {
			isa = XCConfigurationList;
			buildConfigurations = (
				0E17A3AB22EC8DF600390BA5 /* Debug */,
				0E17A3AC22EC8DF600390BA5 /* Release */,
			);
			defaultConfigurationIsVisible = 0;
			defaultConfigurationName = Release;
		};
		0E17A3AD22EC8DF600390BA5 /* Build configuration list for PBXNativeTarget "UntindTests" */ = {
			isa = XCConfigurationList;
			buildConfigurations = (
				0E17A3AE22EC8DF600390BA5 /* Debug */,
				0E17A3AF22EC8DF600390BA5 /* Release */,
			);
			defaultConfigurationIsVisible = 0;
			defaultConfigurationName = Release;
		};
		0E17A3B022EC8DF600390BA5 /* Build configuration list for PBXNativeTarget "UntindUITests" */ = {
			isa = XCConfigurationList;
			buildConfigurations = (
				0E17A3B122EC8DF600390BA5 /* Debug */,
				0E17A3B222EC8DF600390BA5 /* Release */,
			);
			defaultConfigurationIsVisible = 0;
			defaultConfigurationName = Release;
		};
/* End XCConfigurationList section */
	};
	rootObject = 0E17A37A22EC8DF500390BA5 /* Project object */;
}
